
Microsoft Visual Studio Solution File, Format Version 12.00
# Visual Studio 2013
VisualStudioVersion = 12.0.40629.0
MinimumVisualStudioVersion = 10.0.40219.1
Project("{FAE04EC0-301F-11D3-BF4B-00C04F79EFBC}") = "MediaScribe", "MediaScribe\MediaScribe.csproj", "{1EB1F07A-CCF1-49E0-B369-CE038CAB98FC}"
	ProjectSection(ProjectDependencies) = postProject
		{264ABBA0-6903-478A-8A65-DACF8ED3D3E1} = {264ABBA0-6903-478A-8A65-DACF8ED3D3E1}
	EndProjectSection
EndProject
Project("{FAE04EC0-301F-11D3-BF4B-00C04F79EFBC}") = "MediaScribe.LibMPlayerCommon", "MediaScribe.LibMPlayerCommon\MediaScribe.LibMPlayerCommon.csproj", "{5D3616D0-160D-4601-AB67-E1ED9111C676}"
EndProject
Project("{FAE04EC0-301F-11D3-BF4B-00C04F79EFBC}") = "MediaScribe.AvalonTextBox", "MediaScribe.AvalonTextBox\MediaScribe.AvalonTextBox.csproj", "{CA7E4D71-3858-48F2-AF68-7E6DA88F79C9}"
EndProject
Project("{FAE04EC0-301F-11D3-BF4B-00C04F79EFBC}") = "MediaScribe.Common", "MediaScribe.Common\MediaScribe.Common.csproj", "{7BE13DBC-C110-469E-92E7-49720938A62E}"
EndProject
Project("{2150E333-8FDC-42A3-9474-1A3956D46DE8}") = "Dependencies", "Dependencies", "{31FBF897-FCBC-463C-B2A6-CFF5ED353901}"
	ProjectSection(SolutionItems) = preProject
		Dependencies\EPPlus.dll = Dependencies\EPPlus.dll
		Dependencies\GalaSoft.MvvmLight.Extras.WPF4.dll = Dependencies\GalaSoft.MvvmLight.Extras.WPF4.dll
		Dependencies\GalaSoft.MvvmLight.WPF4.dll = Dependencies\GalaSoft.MvvmLight.WPF4.dll
		Dependencies\GrayscaleEffect.dll = Dependencies\GrayscaleEffect.dll
		Dependencies\ICSharpCode.AvalonEdit.dll = Dependencies\ICSharpCode.AvalonEdit.dll
		Dependencies\ICSharpCode.NRefactory.dll = Dependencies\ICSharpCode.NRefactory.dll
		Dependencies\Iesi.Collections.dll = Dependencies\Iesi.Collections.dll
		Dependencies\MediaInfo.dll = Dependencies\MediaInfo.dll
		Dependencies\MediaInfoDotNet.dll = Dependencies\MediaInfoDotNet.dll
		Dependencies\Microsoft.Practices.ServiceLocation.dll = Dependencies\Microsoft.Practices.ServiceLocation.dll
		Dependencies\Microsoft.Practices.Unity.dll = Dependencies\Microsoft.Practices.Unity.dll
		Dependencies\Microsoft.Windows.Shell.dll = Dependencies\Microsoft.Windows.Shell.dll
		Dependencies\Mono.Cecil.dll = Dependencies\Mono.Cecil.dll
		Dependencies\System.Data.SQLite.dll = Dependencies\System.Data.SQLite.dll
		Dependencies\System.Data.SQLite.Linq.dll = Dependencies\System.Data.SQLite.Linq.dll
		Dependencies\System.Windows.Interactivity.dll = Dependencies\System.Windows.Interactivity.dll
		Dependencies\WPFToolkit.dll = Dependencies\WPFToolkit.dll
		Dependencies\WPFToolkit.Extended.dll = Dependencies\WPFToolkit.Extended.dll
	EndProjectSection
EndProject
Project("{FAE04EC0-301F-11D3-BF4B-00C04F79EFBC}") = "TestProject", "TestProject\TestProject.csproj", "{5CBB275C-B269-4769-8147-ECCE4CC53384}"
EndProject
Project("{2150E333-8FDC-42A3-9474-1A3956D46DE8}") = "Solution Items", "Solution Items", "{72181D20-951B-4C6B-B47A-DF4BA58679A9}"
	ProjectSection(SolutionItems) = preProject
		Local.testsettings = Local.testsettings
		MediaScribe.vsmdi = MediaScribe.vsmdi
		TraceAndTestImpact.testsettings = TraceAndTestImpact.testsettings
	EndProjectSection
EndProject
Project("{54435603-DBB4-11D2-8724-00A0C9A8B90C}") = "Setup", "Setup\Setup.vdproj", "{D21917AD-6DE7-4AF4-B1F3-B77F5FB0C23F}"
EndProject
Project("{FAE04EC0-301F-11D3-BF4B-00C04F79EFBC}") = "MediaScribe.Monitor", "MediaScribe.Monitor\MediaScribe.Monitor.csproj", "{264ABBA0-6903-478A-8A65-DACF8ED3D3E1}"
EndProject
Project("{FAE04EC0-301F-11D3-BF4B-00C04F79EFBC}") = "LibVLC.NET", "LibVLC.NET\LibVLC.NET.csproj", "{BB06DFF7-4F41-4B9D-A3C3-3B6D2B8702B6}"
EndProject
Project("{FAE04EC0-301F-11D3-BF4B-00C04F79EFBC}") = "LibVLC.NET.Presentation", "LibVLC.NET.Presentation\LibVLC.NET.Presentation.csproj", "{6757603C-3613-4CD6-86CC-5A25CF023CFA}"
EndProject
Project("{FAE04EC0-301F-11D3-BF4B-00C04F79EFBC}") = "ThumbnailGenerator", "ThumbnailGenerator\ThumbnailGenerator.csproj", "{0D5221ED-2D33-41E5-BF10-12FF07C39256}"
EndProject
Global
	GlobalSection(SolutionConfigurationPlatforms) = preSolution
		CD_ROM|Any CPU = CD_ROM|Any CPU
		CD_ROM|Mixed Platforms = CD_ROM|Mixed Platforms
		CD_ROM|x86 = CD_ROM|x86
		Debug|Any CPU = Debug|Any CPU
		Debug|Mixed Platforms = Debug|Mixed Platforms
		Debug|x86 = Debug|x86
		DVD-5|Any CPU = DVD-5|Any CPU
		DVD-5|Mixed Platforms = DVD-5|Mixed Platforms
		DVD-5|x86 = DVD-5|x86
		MONO26-Debug|Any CPU = MONO26-Debug|Any CPU
		MONO26-Debug|Mixed Platforms = MONO26-Debug|Mixed Platforms
		MONO26-Debug|x86 = MONO26-Debug|x86
		MONO26-Release|Any CPU = MONO26-Release|Any CPU
		MONO26-Release|Mixed Platforms = MONO26-Release|Mixed Platforms
		MONO26-Release|x86 = MONO26-Release|x86
		MONO28-Debug|Any CPU = MONO28-Debug|Any CPU
		MONO28-Debug|Mixed Platforms = MONO28-Debug|Mixed Platforms
		MONO28-Debug|x86 = MONO28-Debug|x86
		MONO28-Release|Any CPU = MONO28-Release|Any CPU
		MONO28-Release|Mixed Platforms = MONO28-Release|Mixed Platforms
		MONO28-Release|x86 = MONO28-Release|x86
		NET35-Debug|Any CPU = NET35-Debug|Any CPU
		NET35-Debug|Mixed Platforms = NET35-Debug|Mixed Platforms
		NET35-Debug|x86 = NET35-Debug|x86
		NET35-Release|Any CPU = NET35-Release|Any CPU
		NET35-Release|Mixed Platforms = NET35-Release|Mixed Platforms
		NET35-Release|x86 = NET35-Release|x86
		NET40-Debug|Any CPU = NET40-Debug|Any CPU
		NET40-Debug|Mixed Platforms = NET40-Debug|Mixed Platforms
		NET40-Debug|x86 = NET40-Debug|x86
		NET40-Release|Any CPU = NET40-Release|Any CPU
		NET40-Release|Mixed Platforms = NET40-Release|Mixed Platforms
		NET40-Release|x86 = NET40-Release|x86
		Release|Any CPU = Release|Any CPU
		Release|Mixed Platforms = Release|Mixed Platforms
		Release|x86 = Release|x86
		SingleImage|Any CPU = SingleImage|Any CPU
		SingleImage|Mixed Platforms = SingleImage|Mixed Platforms
		SingleImage|x86 = SingleImage|x86
		SL30-Debug|Any CPU = SL30-Debug|Any CPU
		SL30-Debug|Mixed Platforms = SL30-Debug|Mixed Platforms
		SL30-Debug|x86 = SL30-Debug|x86
		SL30-Release|Any CPU = SL30-Release|Any CPU
		SL30-Release|Mixed Platforms = SL30-Release|Mixed Platforms
		SL30-Release|x86 = SL30-Release|x86
		SL40-Debug|Any CPU = SL40-Debug|Any CPU
		SL40-Debug|Mixed Platforms = SL40-Debug|Mixed Platforms
		SL40-Debug|x86 = SL40-Debug|x86
		SL40-Release|Any CPU = SL40-Release|Any CPU
		SL40-Release|Mixed Platforms = SL40-Release|Mixed Platforms
		SL40-Release|x86 = SL40-Release|x86
	EndGlobalSection
	GlobalSection(ProjectConfigurationPlatforms) = postSolution
		{1EB1F07A-CCF1-49E0-B369-CE038CAB98FC}.CD_ROM|Any CPU.ActiveCfg = Release|x86
		{1EB1F07A-CCF1-49E0-B369-CE038CAB98FC}.CD_ROM|Mixed Platforms.ActiveCfg = Release|x86
		{1EB1F07A-CCF1-49E0-B369-CE038CAB98FC}.CD_ROM|Mixed Platforms.Build.0 = Release|x86
		{1EB1F07A-CCF1-49E0-B369-CE038CAB98FC}.CD_ROM|x86.ActiveCfg = Release|x86
		{1EB1F07A-CCF1-49E0-B369-CE038CAB98FC}.CD_ROM|x86.Build.0 = Release|x86
		{1EB1F07A-CCF1-49E0-B369-CE038CAB98FC}.Debug|Any CPU.ActiveCfg = Debug|x86
		{1EB1F07A-CCF1-49E0-B369-CE038CAB98FC}.Debug|Mixed Platforms.ActiveCfg = Debug|x86
		{1EB1F07A-CCF1-49E0-B369-CE038CAB98FC}.Debug|Mixed Platforms.Build.0 = Debug|x86
		{1EB1F07A-CCF1-49E0-B369-CE038CAB98FC}.Debug|x86.ActiveCfg = Debug|x86
		{1EB1F07A-CCF1-49E0-B369-CE038CAB98FC}.Debug|x86.Build.0 = Debug|x86
		{1EB1F07A-CCF1-49E0-B369-CE038CAB98FC}.DVD-5|Any CPU.ActiveCfg = Debug|x86
		{1EB1F07A-CCF1-49E0-B369-CE038CAB98FC}.DVD-5|Mixed Platforms.ActiveCfg = Debug|x86
		{1EB1F07A-CCF1-49E0-B369-CE038CAB98FC}.DVD-5|Mixed Platforms.Build.0 = Debug|x86
		{1EB1F07A-CCF1-49E0-B369-CE038CAB98FC}.DVD-5|x86.ActiveCfg = Debug|x86
		{1EB1F07A-CCF1-49E0-B369-CE038CAB98FC}.DVD-5|x86.Build.0 = Debug|x86
		{1EB1F07A-CCF1-49E0-B369-CE038CAB98FC}.MONO26-Debug|Any CPU.ActiveCfg = Debug|x86
		{1EB1F07A-CCF1-49E0-B369-CE038CAB98FC}.MONO26-Debug|Mixed Platforms.ActiveCfg = Debug|x86
		{1EB1F07A-CCF1-49E0-B369-CE038CAB98FC}.MONO26-Debug|Mixed Platforms.Build.0 = Debug|x86
		{1EB1F07A-CCF1-49E0-B369-CE038CAB98FC}.MONO26-Debug|x86.ActiveCfg = Debug|x86
		{1EB1F07A-CCF1-49E0-B369-CE038CAB98FC}.MONO26-Debug|x86.Build.0 = Debug|x86
		{1EB1F07A-CCF1-49E0-B369-CE038CAB98FC}.MONO26-Release|Any CPU.ActiveCfg = Release|x86
		{1EB1F07A-CCF1-49E0-B369-CE038CAB98FC}.MONO26-Release|Mixed Platforms.ActiveCfg = Release|x86
		{1EB1F07A-CCF1-49E0-B369-CE038CAB98FC}.MONO26-Release|Mixed Platforms.Build.0 = Release|x86
		{1EB1F07A-CCF1-49E0-B369-CE038CAB98FC}.MONO26-Release|x86.ActiveCfg = Release|x86
		{1EB1F07A-CCF1-49E0-B369-CE038CAB98FC}.MONO26-Release|x86.Build.0 = Release|x86
		{1EB1F07A-CCF1-49E0-B369-CE038CAB98FC}.MONO28-Debug|Any CPU.ActiveCfg = Debug|x86
		{1EB1F07A-CCF1-49E0-B369-CE038CAB98FC}.MONO28-Debug|Mixed Platforms.ActiveCfg = Debug|x86
		{1EB1F07A-CCF1-49E0-B369-CE038CAB98FC}.MONO28-Debug|Mixed Platforms.Build.0 = Debug|x86
		{1EB1F07A-CCF1-49E0-B369-CE038CAB98FC}.MONO28-Debug|x86.ActiveCfg = Debug|x86
		{1EB1F07A-CCF1-49E0-B369-CE038CAB98FC}.MONO28-Debug|x86.Build.0 = Debug|x86
		{1EB1F07A-CCF1-49E0-B369-CE038CAB98FC}.MONO28-Release|Any CPU.ActiveCfg = Release|x86
		{1EB1F07A-CCF1-49E0-B369-CE038CAB98FC}.MONO28-Release|Mixed Platforms.ActiveCfg = Release|x86
		{1EB1F07A-CCF1-49E0-B369-CE038CAB98FC}.MONO28-Release|Mixed Platforms.Build.0 = Release|x86
		{1EB1F07A-CCF1-49E0-B369-CE038CAB98FC}.MONO28-Release|x86.ActiveCfg = Release|x86
		{1EB1F07A-CCF1-49E0-B369-CE038CAB98FC}.MONO28-Release|x86.Build.0 = Release|x86
		{1EB1F07A-CCF1-49E0-B369-CE038CAB98FC}.NET35-Debug|Any CPU.ActiveCfg = Debug|x86
		{1EB1F07A-CCF1-49E0-B369-CE038CAB98FC}.NET35-Debug|Mixed Platforms.ActiveCfg = Debug|x86
		{1EB1F07A-CCF1-49E0-B369-CE038CAB98FC}.NET35-Debug|Mixed Platforms.Build.0 = Debug|x86
		{1EB1F07A-CCF1-49E0-B369-CE038CAB98FC}.NET35-Debug|x86.ActiveCfg = Debug|x86
		{1EB1F07A-CCF1-49E0-B369-CE038CAB98FC}.NET35-Debug|x86.Build.0 = Debug|x86
		{1EB1F07A-CCF1-49E0-B369-CE038CAB98FC}.NET35-Release|Any CPU.ActiveCfg = Release|x86
		{1EB1F07A-CCF1-49E0-B369-CE038CAB98FC}.NET35-Release|Mixed Platforms.ActiveCfg = Release|x86
		{1EB1F07A-CCF1-49E0-B369-CE038CAB98FC}.NET35-Release|Mixed Platforms.Build.0 = Release|x86
		{1EB1F07A-CCF1-49E0-B369-CE038CAB98FC}.NET35-Release|x86.ActiveCfg = Release|x86
		{1EB1F07A-CCF1-49E0-B369-CE038CAB98FC}.NET35-Release|x86.Build.0 = Release|x86
		{1EB1F07A-CCF1-49E0-B369-CE038CAB98FC}.NET40-Debug|Any CPU.ActiveCfg = Debug|x86
		{1EB1F07A-CCF1-49E0-B369-CE038CAB98FC}.NET40-Debug|Mixed Platforms.ActiveCfg = Debug|x86
		{1EB1F07A-CCF1-49E0-B369-CE038CAB98FC}.NET40-Debug|Mixed Platforms.Build.0 = Debug|x86
		{1EB1F07A-CCF1-49E0-B369-CE038CAB98FC}.NET40-Debug|x86.ActiveCfg = Debug|x86
		{1EB1F07A-CCF1-49E0-B369-CE038CAB98FC}.NET40-Debug|x86.Build.0 = Debug|x86
		{1EB1F07A-CCF1-49E0-B369-CE038CAB98FC}.NET40-Release|Any CPU.ActiveCfg = Release|x86
		{1EB1F07A-CCF1-49E0-B369-CE038CAB98FC}.NET40-Release|Mixed Platforms.ActiveCfg = Release|x86
		{1EB1F07A-CCF1-49E0-B369-CE038CAB98FC}.NET40-Release|Mixed Platforms.Build.0 = Release|x86
		{1EB1F07A-CCF1-49E0-B369-CE038CAB98FC}.NET40-Release|x86.ActiveCfg = Release|x86
		{1EB1F07A-CCF1-49E0-B369-CE038CAB98FC}.NET40-Release|x86.Build.0 = Release|x86
		{1EB1F07A-CCF1-49E0-B369-CE038CAB98FC}.Release|Any CPU.ActiveCfg = Release|x86
		{1EB1F07A-CCF1-49E0-B369-CE038CAB98FC}.Release|Mixed Platforms.ActiveCfg = Release|x86
		{1EB1F07A-CCF1-49E0-B369-CE038CAB98FC}.Release|Mixed Platforms.Build.0 = Release|x86
		{1EB1F07A-CCF1-49E0-B369-CE038CAB98FC}.Release|x86.ActiveCfg = Release|x86
		{1EB1F07A-CCF1-49E0-B369-CE038CAB98FC}.Release|x86.Build.0 = Release|x86
		{1EB1F07A-CCF1-49E0-B369-CE038CAB98FC}.SingleImage|Any CPU.ActiveCfg = Release|x86
		{1EB1F07A-CCF1-49E0-B369-CE038CAB98FC}.SingleImage|Mixed Platforms.ActiveCfg = Release|x86
		{1EB1F07A-CCF1-49E0-B369-CE038CAB98FC}.SingleImage|Mixed Platforms.Build.0 = Release|x86
		{1EB1F07A-CCF1-49E0-B369-CE038CAB98FC}.SingleImage|x86.ActiveCfg = Release|x86
		{1EB1F07A-CCF1-49E0-B369-CE038CAB98FC}.SingleImage|x86.Build.0 = Release|x86
		{1EB1F07A-CCF1-49E0-B369-CE038CAB98FC}.SL30-Debug|Any CPU.ActiveCfg = Debug|x86
		{1EB1F07A-CCF1-49E0-B369-CE038CAB98FC}.SL30-Debug|Mixed Platforms.ActiveCfg = Debug|x86
		{1EB1F07A-CCF1-49E0-B369-CE038CAB98FC}.SL30-Debug|Mixed Platforms.Build.0 = Debug|x86
		{1EB1F07A-CCF1-49E0-B369-CE038CAB98FC}.SL30-Debug|x86.ActiveCfg = Debug|x86
		{1EB1F07A-CCF1-49E0-B369-CE038CAB98FC}.SL30-Debug|x86.Build.0 = Debug|x86
		{1EB1F07A-CCF1-49E0-B369-CE038CAB98FC}.SL30-Release|Any CPU.ActiveCfg = Release|x86
		{1EB1F07A-CCF1-49E0-B369-CE038CAB98FC}.SL30-Release|Mixed Platforms.ActiveCfg = Release|x86
		{1EB1F07A-CCF1-49E0-B369-CE038CAB98FC}.SL30-Release|Mixed Platforms.Build.0 = Release|x86
		{1EB1F07A-CCF1-49E0-B369-CE038CAB98FC}.SL30-Release|x86.ActiveCfg = Release|x86
		{1EB1F07A-CCF1-49E0-B369-CE038CAB98FC}.SL30-Release|x86.Build.0 = Release|x86
		{1EB1F07A-CCF1-49E0-B369-CE038CAB98FC}.SL40-Debug|Any CPU.ActiveCfg = Debug|x86
		{1EB1F07A-CCF1-49E0-B369-CE038CAB98FC}.SL40-Debug|Mixed Platforms.ActiveCfg = Debug|x86
		{1EB1F07A-CCF1-49E0-B369-CE038CAB98FC}.SL40-Debug|Mixed Platforms.Build.0 = Debug|x86
		{1EB1F07A-CCF1-49E0-B369-CE038CAB98FC}.SL40-Debug|x86.ActiveCfg = Debug|x86
		{1EB1F07A-CCF1-49E0-B369-CE038CAB98FC}.SL40-Debug|x86.Build.0 = Debug|x86
		{1EB1F07A-CCF1-49E0-B369-CE038CAB98FC}.SL40-Release|Any CPU.ActiveCfg = Release|x86
		{1EB1F07A-CCF1-49E0-B369-CE038CAB98FC}.SL40-Release|Mixed Platforms.ActiveCfg = Release|x86
		{1EB1F07A-CCF1-49E0-B369-CE038CAB98FC}.SL40-Release|Mixed Platforms.Build.0 = Release|x86
		{1EB1F07A-CCF1-49E0-B369-CE038CAB98FC}.SL40-Release|x86.ActiveCfg = Release|x86
		{1EB1F07A-CCF1-49E0-B369-CE038CAB98FC}.SL40-Release|x86.Build.0 = Release|x86
		{5D3616D0-160D-4601-AB67-E1ED9111C676}.CD_ROM|Any CPU.ActiveCfg = Release|Any CPU
		{5D3616D0-160D-4601-AB67-E1ED9111C676}.CD_ROM|Any CPU.Build.0 = Release|Any CPU
		{5D3616D0-160D-4601-AB67-E1ED9111C676}.CD_ROM|Mixed Platforms.ActiveCfg = Release|Any CPU
		{5D3616D0-160D-4601-AB67-E1ED9111C676}.CD_ROM|Mixed Platforms.Build.0 = Release|Any CPU
		{5D3616D0-160D-4601-AB67-E1ED9111C676}.CD_ROM|x86.ActiveCfg = Release|Any CPU
		{5D3616D0-160D-4601-AB67-E1ED9111C676}.Debug|Any CPU.ActiveCfg = Debug|Any CPU
		{5D3616D0-160D-4601-AB67-E1ED9111C676}.Debug|Any CPU.Build.0 = Debug|Any CPU
		{5D3616D0-160D-4601-AB67-E1ED9111C676}.Debug|Mixed Platforms.ActiveCfg = Debug|Any CPU
		{5D3616D0-160D-4601-AB67-E1ED9111C676}.Debug|Mixed Platforms.Build.0 = Debug|Any CPU
		{5D3616D0-160D-4601-AB67-E1ED9111C676}.Debug|x86.ActiveCfg = Debug|x86
		{5D3616D0-160D-4601-AB67-E1ED9111C676}.Debug|x86.Build.0 = Debug|x86
		{5D3616D0-160D-4601-AB67-E1ED9111C676}.DVD-5|Any CPU.ActiveCfg = Debug|Any CPU
		{5D3616D0-160D-4601-AB67-E1ED9111C676}.DVD-5|Any CPU.Build.0 = Debug|Any CPU
		{5D3616D0-160D-4601-AB67-E1ED9111C676}.DVD-5|Mixed Platforms.ActiveCfg = Debug|Any CPU
		{5D3616D0-160D-4601-AB67-E1ED9111C676}.DVD-5|Mixed Platforms.Build.0 = Debug|Any CPU
		{5D3616D0-160D-4601-AB67-E1ED9111C676}.DVD-5|x86.ActiveCfg = Debug|Any CPU
		{5D3616D0-160D-4601-AB67-E1ED9111C676}.MONO26-Debug|Any CPU.ActiveCfg = Debug|Any CPU
		{5D3616D0-160D-4601-AB67-E1ED9111C676}.MONO26-Debug|Any CPU.Build.0 = Debug|Any CPU
		{5D3616D0-160D-4601-AB67-E1ED9111C676}.MONO26-Debug|Mixed Platforms.ActiveCfg = Debug|Any CPU
		{5D3616D0-160D-4601-AB67-E1ED9111C676}.MONO26-Debug|Mixed Platforms.Build.0 = Debug|Any CPU
		{5D3616D0-160D-4601-AB67-E1ED9111C676}.MONO26-Debug|x86.ActiveCfg = Debug|x86
		{5D3616D0-160D-4601-AB67-E1ED9111C676}.MONO26-Debug|x86.Build.0 = Debug|x86
		{5D3616D0-160D-4601-AB67-E1ED9111C676}.MONO26-Release|Any CPU.ActiveCfg = Release|Any CPU
		{5D3616D0-160D-4601-AB67-E1ED9111C676}.MONO26-Release|Any CPU.Build.0 = Release|Any CPU
		{5D3616D0-160D-4601-AB67-E1ED9111C676}.MONO26-Release|Mixed Platforms.ActiveCfg = Release|Any CPU
		{5D3616D0-160D-4601-AB67-E1ED9111C676}.MONO26-Release|Mixed Platforms.Build.0 = Release|Any CPU
		{5D3616D0-160D-4601-AB67-E1ED9111C676}.MONO26-Release|x86.ActiveCfg = Release|x86
		{5D3616D0-160D-4601-AB67-E1ED9111C676}.MONO26-Release|x86.Build.0 = Release|x86
		{5D3616D0-160D-4601-AB67-E1ED9111C676}.MONO28-Debug|Any CPU.ActiveCfg = Debug|Any CPU
		{5D3616D0-160D-4601-AB67-E1ED9111C676}.MONO28-Debug|Any CPU.Build.0 = Debug|Any CPU
		{5D3616D0-160D-4601-AB67-E1ED9111C676}.MONO28-Debug|Mixed Platforms.ActiveCfg = Debug|Any CPU
		{5D3616D0-160D-4601-AB67-E1ED9111C676}.MONO28-Debug|Mixed Platforms.Build.0 = Debug|Any CPU
		{5D3616D0-160D-4601-AB67-E1ED9111C676}.MONO28-Debug|x86.ActiveCfg = Debug|x86
		{5D3616D0-160D-4601-AB67-E1ED9111C676}.MONO28-Debug|x86.Build.0 = Debug|x86
		{5D3616D0-160D-4601-AB67-E1ED9111C676}.MONO28-Release|Any CPU.ActiveCfg = Release|Any CPU
		{5D3616D0-160D-4601-AB67-E1ED9111C676}.MONO28-Release|Any CPU.Build.0 = Release|Any CPU
		{5D3616D0-160D-4601-AB67-E1ED9111C676}.MONO28-Release|Mixed Platforms.ActiveCfg = Release|Any CPU
		{5D3616D0-160D-4601-AB67-E1ED9111C676}.MONO28-Release|Mixed Platforms.Build.0 = Release|Any CPU
		{5D3616D0-160D-4601-AB67-E1ED9111C676}.MONO28-Release|x86.ActiveCfg = Release|x86
		{5D3616D0-160D-4601-AB67-E1ED9111C676}.MONO28-Release|x86.Build.0 = Release|x86
		{5D3616D0-160D-4601-AB67-E1ED9111C676}.NET35-Debug|Any CPU.ActiveCfg = Debug|Any CPU
		{5D3616D0-160D-4601-AB67-E1ED9111C676}.NET35-Debug|Any CPU.Build.0 = Debug|Any CPU
		{5D3616D0-160D-4601-AB67-E1ED9111C676}.NET35-Debug|Mixed Platforms.ActiveCfg = Debug|Any CPU
		{5D3616D0-160D-4601-AB67-E1ED9111C676}.NET35-Debug|Mixed Platforms.Build.0 = Debug|Any CPU
		{5D3616D0-160D-4601-AB67-E1ED9111C676}.NET35-Debug|x86.ActiveCfg = Debug|x86
		{5D3616D0-160D-4601-AB67-E1ED9111C676}.NET35-Debug|x86.Build.0 = Debug|x86
		{5D3616D0-160D-4601-AB67-E1ED9111C676}.NET35-Release|Any CPU.ActiveCfg = Release|Any CPU
		{5D3616D0-160D-4601-AB67-E1ED9111C676}.NET35-Release|Any CPU.Build.0 = Release|Any CPU
		{5D3616D0-160D-4601-AB67-E1ED9111C676}.NET35-Release|Mixed Platforms.ActiveCfg = Release|Any CPU
		{5D3616D0-160D-4601-AB67-E1ED9111C676}.NET35-Release|Mixed Platforms.Build.0 = Release|Any CPU
		{5D3616D0-160D-4601-AB67-E1ED9111C676}.NET35-Release|x86.ActiveCfg = Release|x86
		{5D3616D0-160D-4601-AB67-E1ED9111C676}.NET35-Release|x86.Build.0 = Release|x86
		{5D3616D0-160D-4601-AB67-E1ED9111C676}.NET40-Debug|Any CPU.ActiveCfg = Debug|Any CPU
		{5D3616D0-160D-4601-AB67-E1ED9111C676}.NET40-Debug|Any CPU.Build.0 = Debug|Any CPU
		{5D3616D0-160D-4601-AB67-E1ED9111C676}.NET40-Debug|Mixed Platforms.ActiveCfg = Debug|Any CPU
		{5D3616D0-160D-4601-AB67-E1ED9111C676}.NET40-Debug|Mixed Platforms.Build.0 = Debug|Any CPU
		{5D3616D0-160D-4601-AB67-E1ED9111C676}.NET40-Debug|x86.ActiveCfg = Debug|x86
		{5D3616D0-160D-4601-AB67-E1ED9111C676}.NET40-Debug|x86.Build.0 = Debug|x86
		{5D3616D0-160D-4601-AB67-E1ED9111C676}.NET40-Release|Any CPU.ActiveCfg = Release|Any CPU
		{5D3616D0-160D-4601-AB67-E1ED9111C676}.NET40-Release|Any CPU.Build.0 = Release|Any CPU
		{5D3616D0-160D-4601-AB67-E1ED9111C676}.NET40-Release|Mixed Platforms.ActiveCfg = Release|Any CPU
		{5D3616D0-160D-4601-AB67-E1ED9111C676}.NET40-Release|Mixed Platforms.Build.0 = Release|Any CPU
		{5D3616D0-160D-4601-AB67-E1ED9111C676}.NET40-Release|x86.ActiveCfg = Release|x86
		{5D3616D0-160D-4601-AB67-E1ED9111C676}.NET40-Release|x86.Build.0 = Release|x86
		{5D3616D0-160D-4601-AB67-E1ED9111C676}.Release|Any CPU.ActiveCfg = Release|Any CPU
		{5D3616D0-160D-4601-AB67-E1ED9111C676}.Release|Any CPU.Build.0 = Release|Any CPU
		{5D3616D0-160D-4601-AB67-E1ED9111C676}.Release|Mixed Platforms.ActiveCfg = Release|Any CPU
		{5D3616D0-160D-4601-AB67-E1ED9111C676}.Release|Mixed Platforms.Build.0 = Release|Any CPU
		{5D3616D0-160D-4601-AB67-E1ED9111C676}.Release|x86.ActiveCfg = Release|x86
		{5D3616D0-160D-4601-AB67-E1ED9111C676}.Release|x86.Build.0 = Release|x86
		{5D3616D0-160D-4601-AB67-E1ED9111C676}.SingleImage|Any CPU.ActiveCfg = Release|Any CPU
		{5D3616D0-160D-4601-AB67-E1ED9111C676}.SingleImage|Any CPU.Build.0 = Release|Any CPU
		{5D3616D0-160D-4601-AB67-E1ED9111C676}.SingleImage|Mixed Platforms.ActiveCfg = Release|Any CPU
		{5D3616D0-160D-4601-AB67-E1ED9111C676}.SingleImage|Mixed Platforms.Build.0 = Release|Any CPU
		{5D3616D0-160D-4601-AB67-E1ED9111C676}.SingleImage|x86.ActiveCfg = Release|Any CPU
		{5D3616D0-160D-4601-AB67-E1ED9111C676}.SL30-Debug|Any CPU.ActiveCfg = Debug|Any CPU
		{5D3616D0-160D-4601-AB67-E1ED9111C676}.SL30-Debug|Any CPU.Build.0 = Debug|Any CPU
		{5D3616D0-160D-4601-AB67-E1ED9111C676}.SL30-Debug|Mixed Platforms.ActiveCfg = Debug|Any CPU
		{5D3616D0-160D-4601-AB67-E1ED9111C676}.SL30-Debug|Mixed Platforms.Build.0 = Debug|Any CPU
		{5D3616D0-160D-4601-AB67-E1ED9111C676}.SL30-Debug|x86.ActiveCfg = Debug|x86
		{5D3616D0-160D-4601-AB67-E1ED9111C676}.SL30-Debug|x86.Build.0 = Debug|x86
		{5D3616D0-160D-4601-AB67-E1ED9111C676}.SL30-Release|Any CPU.ActiveCfg = Release|Any CPU
		{5D3616D0-160D-4601-AB67-E1ED9111C676}.SL30-Release|Any CPU.Build.0 = Release|Any CPU
		{5D3616D0-160D-4601-AB67-E1ED9111C676}.SL30-Release|Mixed Platforms.ActiveCfg = Release|Any CPU
		{5D3616D0-160D-4601-AB67-E1ED9111C676}.SL30-Release|Mixed Platforms.Build.0 = Release|Any CPU
		{5D3616D0-160D-4601-AB67-E1ED9111C676}.SL30-Release|x86.ActiveCfg = Release|x86
		{5D3616D0-160D-4601-AB67-E1ED9111C676}.SL30-Release|x86.Build.0 = Release|x86
		{5D3616D0-160D-4601-AB67-E1ED9111C676}.SL40-Debug|Any CPU.ActiveCfg = Debug|Any CPU
		{5D3616D0-160D-4601-AB67-E1ED9111C676}.SL40-Debug|Any CPU.Build.0 = Debug|Any CPU
		{5D3616D0-160D-4601-AB67-E1ED9111C676}.SL40-Debug|Mixed Platforms.ActiveCfg = Debug|Any CPU
		{5D3616D0-160D-4601-AB67-E1ED9111C676}.SL40-Debug|Mixed Platforms.Build.0 = Debug|Any CPU
		{5D3616D0-160D-4601-AB67-E1ED9111C676}.SL40-Debug|x86.ActiveCfg = Debug|x86
		{5D3616D0-160D-4601-AB67-E1ED9111C676}.SL40-Debug|x86.Build.0 = Debug|x86
		{5D3616D0-160D-4601-AB67-E1ED9111C676}.SL40-Release|Any CPU.ActiveCfg = Release|Any CPU
		{5D3616D0-160D-4601-AB67-E1ED9111C676}.SL40-Release|Any CPU.Build.0 = Release|Any CPU
		{5D3616D0-160D-4601-AB67-E1ED9111C676}.SL40-Release|Mixed Platforms.ActiveCfg = Release|Any CPU
		{5D3616D0-160D-4601-AB67-E1ED9111C676}.SL40-Release|Mixed Platforms.Build.0 = Release|Any CPU
		{5D3616D0-160D-4601-AB67-E1ED9111C676}.SL40-Release|x86.ActiveCfg = Release|x86
		{5D3616D0-160D-4601-AB67-E1ED9111C676}.SL40-Release|x86.Build.0 = Release|x86
		{CA7E4D71-3858-48F2-AF68-7E6DA88F79C9}.CD_ROM|Any CPU.ActiveCfg = Release|Any CPU
		{CA7E4D71-3858-48F2-AF68-7E6DA88F79C9}.CD_ROM|Any CPU.Build.0 = Release|Any CPU
		{CA7E4D71-3858-48F2-AF68-7E6DA88F79C9}.CD_ROM|Mixed Platforms.ActiveCfg = Release|Any CPU
		{CA7E4D71-3858-48F2-AF68-7E6DA88F79C9}.CD_ROM|Mixed Platforms.Build.0 = Release|Any CPU
		{CA7E4D71-3858-48F2-AF68-7E6DA88F79C9}.CD_ROM|x86.ActiveCfg = Release|Any CPU
		{CA7E4D71-3858-48F2-AF68-7E6DA88F79C9}.Debug|Any CPU.ActiveCfg = Debug|Any CPU
		{CA7E4D71-3858-48F2-AF68-7E6DA88F79C9}.Debug|Any CPU.Build.0 = Debug|Any CPU
		{CA7E4D71-3858-48F2-AF68-7E6DA88F79C9}.Debug|Mixed Platforms.ActiveCfg = Debug|Any CPU
		{CA7E4D71-3858-48F2-AF68-7E6DA88F79C9}.Debug|Mixed Platforms.Build.0 = Debug|Any CPU
		{CA7E4D71-3858-48F2-AF68-7E6DA88F79C9}.Debug|x86.ActiveCfg = Debug|Any CPU
		{CA7E4D71-3858-48F2-AF68-7E6DA88F79C9}.DVD-5|Any CPU.ActiveCfg = Debug|Any CPU
		{CA7E4D71-3858-48F2-AF68-7E6DA88F79C9}.DVD-5|Any CPU.Build.0 = Debug|Any CPU
		{CA7E4D71-3858-48F2-AF68-7E6DA88F79C9}.DVD-5|Mixed Platforms.ActiveCfg = Debug|Any CPU
		{CA7E4D71-3858-48F2-AF68-7E6DA88F79C9}.DVD-5|Mixed Platforms.Build.0 = Debug|Any CPU
		{CA7E4D71-3858-48F2-AF68-7E6DA88F79C9}.DVD-5|x86.ActiveCfg = Debug|Any CPU
		{CA7E4D71-3858-48F2-AF68-7E6DA88F79C9}.MONO26-Debug|Any CPU.ActiveCfg = Debug|Any CPU
		{CA7E4D71-3858-48F2-AF68-7E6DA88F79C9}.MONO26-Debug|Any CPU.Build.0 = Debug|Any CPU
		{CA7E4D71-3858-48F2-AF68-7E6DA88F79C9}.MONO26-Debug|Mixed Platforms.ActiveCfg = Debug|Any CPU
		{CA7E4D71-3858-48F2-AF68-7E6DA88F79C9}.MONO26-Debug|Mixed Platforms.Build.0 = Debug|Any CPU
		{CA7E4D71-3858-48F2-AF68-7E6DA88F79C9}.MONO26-Debug|x86.ActiveCfg = Debug|Any CPU
		{CA7E4D71-3858-48F2-AF68-7E6DA88F79C9}.MONO26-Release|Any CPU.ActiveCfg = Release|Any CPU
		{CA7E4D71-3858-48F2-AF68-7E6DA88F79C9}.MONO26-Release|Any CPU.Build.0 = Release|Any CPU
		{CA7E4D71-3858-48F2-AF68-7E6DA88F79C9}.MONO26-Release|Mixed Platforms.ActiveCfg = Release|Any CPU
		{CA7E4D71-3858-48F2-AF68-7E6DA88F79C9}.MONO26-Release|Mixed Platforms.Build.0 = Release|Any CPU
		{CA7E4D71-3858-48F2-AF68-7E6DA88F79C9}.MONO26-Release|x86.ActiveCfg = Release|Any CPU
		{CA7E4D71-3858-48F2-AF68-7E6DA88F79C9}.MONO28-Debug|Any CPU.ActiveCfg = Debug|Any CPU
		{CA7E4D71-3858-48F2-AF68-7E6DA88F79C9}.MONO28-Debug|Any CPU.Build.0 = Debug|Any CPU
		{CA7E4D71-3858-48F2-AF68-7E6DA88F79C9}.MONO28-Debug|Mixed Platforms.ActiveCfg = Debug|Any CPU
		{CA7E4D71-3858-48F2-AF68-7E6DA88F79C9}.MONO28-Debug|Mixed Platforms.Build.0 = Debug|Any CPU
		{CA7E4D71-3858-48F2-AF68-7E6DA88F79C9}.MONO28-Debug|x86.ActiveCfg = Debug|Any CPU
		{CA7E4D71-3858-48F2-AF68-7E6DA88F79C9}.MONO28-Release|Any CPU.ActiveCfg = Release|Any CPU
		{CA7E4D71-3858-48F2-AF68-7E6DA88F79C9}.MONO28-Release|Any CPU.Build.0 = Release|Any CPU
		{CA7E4D71-3858-48F2-AF68-7E6DA88F79C9}.MONO28-Release|Mixed Platforms.ActiveCfg = Release|Any CPU
		{CA7E4D71-3858-48F2-AF68-7E6DA88F79C9}.MONO28-Release|Mixed Platforms.Build.0 = Release|Any CPU
		{CA7E4D71-3858-48F2-AF68-7E6DA88F79C9}.MONO28-Release|x86.ActiveCfg = Release|Any CPU
		{CA7E4D71-3858-48F2-AF68-7E6DA88F79C9}.NET35-Debug|Any CPU.ActiveCfg = Debug|Any CPU
		{CA7E4D71-3858-48F2-AF68-7E6DA88F79C9}.NET35-Debug|Any CPU.Build.0 = Debug|Any CPU
		{CA7E4D71-3858-48F2-AF68-7E6DA88F79C9}.NET35-Debug|Mixed Platforms.ActiveCfg = Debug|Any CPU
		{CA7E4D71-3858-48F2-AF68-7E6DA88F79C9}.NET35-Debug|Mixed Platforms.Build.0 = Debug|Any CPU
		{CA7E4D71-3858-48F2-AF68-7E6DA88F79C9}.NET35-Debug|x86.ActiveCfg = Debug|Any CPU
		{CA7E4D71-3858-48F2-AF68-7E6DA88F79C9}.NET35-Release|Any CPU.ActiveCfg = Release|Any CPU
		{CA7E4D71-3858-48F2-AF68-7E6DA88F79C9}.NET35-Release|Any CPU.Build.0 = Release|Any CPU
		{CA7E4D71-3858-48F2-AF68-7E6DA88F79C9}.NET35-Release|Mixed Platforms.ActiveCfg = Release|Any CPU
		{CA7E4D71-3858-48F2-AF68-7E6DA88F79C9}.NET35-Release|Mixed Platforms.Build.0 = Release|Any CPU
		{CA7E4D71-3858-48F2-AF68-7E6DA88F79C9}.NET35-Release|x86.ActiveCfg = Release|Any CPU
		{CA7E4D71-3858-48F2-AF68-7E6DA88F79C9}.NET40-Debug|Any CPU.ActiveCfg = Debug|Any CPU
		{CA7E4D71-3858-48F2-AF68-7E6DA88F79C9}.NET40-Debug|Any CPU.Build.0 = Debug|Any CPU
		{CA7E4D71-3858-48F2-AF68-7E6DA88F79C9}.NET40-Debug|Mixed Platforms.ActiveCfg = Debug|Any CPU
		{CA7E4D71-3858-48F2-AF68-7E6DA88F79C9}.NET40-Debug|Mixed Platforms.Build.0 = Debug|Any CPU
		{CA7E4D71-3858-48F2-AF68-7E6DA88F79C9}.NET40-Debug|x86.ActiveCfg = Debug|Any CPU
		{CA7E4D71-3858-48F2-AF68-7E6DA88F79C9}.NET40-Release|Any CPU.ActiveCfg = Release|Any CPU
		{CA7E4D71-3858-48F2-AF68-7E6DA88F79C9}.NET40-Release|Any CPU.Build.0 = Release|Any CPU
		{CA7E4D71-3858-48F2-AF68-7E6DA88F79C9}.NET40-Release|Mixed Platforms.ActiveCfg = Release|Any CPU
		{CA7E4D71-3858-48F2-AF68-7E6DA88F79C9}.NET40-Release|Mixed Platforms.Build.0 = Release|Any CPU
		{CA7E4D71-3858-48F2-AF68-7E6DA88F79C9}.NET40-Release|x86.ActiveCfg = Release|Any CPU
		{CA7E4D71-3858-48F2-AF68-7E6DA88F79C9}.Release|Any CPU.ActiveCfg = Release|Any CPU
		{CA7E4D71-3858-48F2-AF68-7E6DA88F79C9}.Release|Any CPU.Build.0 = Release|Any CPU
		{CA7E4D71-3858-48F2-AF68-7E6DA88F79C9}.Release|Mixed Platforms.ActiveCfg = Release|Any CPU
		{CA7E4D71-3858-48F2-AF68-7E6DA88F79C9}.Release|Mixed Platforms.Build.0 = Release|Any CPU
		{CA7E4D71-3858-48F2-AF68-7E6DA88F79C9}.Release|x86.ActiveCfg = Release|Any CPU
		{CA7E4D71-3858-48F2-AF68-7E6DA88F79C9}.SingleImage|Any CPU.ActiveCfg = Release|Any CPU
		{CA7E4D71-3858-48F2-AF68-7E6DA88F79C9}.SingleImage|Any CPU.Build.0 = Release|Any CPU
		{CA7E4D71-3858-48F2-AF68-7E6DA88F79C9}.SingleImage|Mixed Platforms.ActiveCfg = Release|Any CPU
		{CA7E4D71-3858-48F2-AF68-7E6DA88F79C9}.SingleImage|Mixed Platforms.Build.0 = Release|Any CPU
		{CA7E4D71-3858-48F2-AF68-7E6DA88F79C9}.SingleImage|x86.ActiveCfg = Release|Any CPU
		{CA7E4D71-3858-48F2-AF68-7E6DA88F79C9}.SL30-Debug|Any CPU.ActiveCfg = Debug|Any CPU
		{CA7E4D71-3858-48F2-AF68-7E6DA88F79C9}.SL30-Debug|Any CPU.Build.0 = Debug|Any CPU
		{CA7E4D71-3858-48F2-AF68-7E6DA88F79C9}.SL30-Debug|Mixed Platforms.ActiveCfg = Debug|Any CPU
		{CA7E4D71-3858-48F2-AF68-7E6DA88F79C9}.SL30-Debug|Mixed Platforms.Build.0 = Debug|Any CPU
		{CA7E4D71-3858-48F2-AF68-7E6DA88F79C9}.SL30-Debug|x86.ActiveCfg = Debug|Any CPU
		{CA7E4D71-3858-48F2-AF68-7E6DA88F79C9}.SL30-Release|Any CPU.ActiveCfg = Release|Any CPU
		{CA7E4D71-3858-48F2-AF68-7E6DA88F79C9}.SL30-Release|Any CPU.Build.0 = Release|Any CPU
		{CA7E4D71-3858-48F2-AF68-7E6DA88F79C9}.SL30-Release|Mixed Platforms.ActiveCfg = Release|Any CPU
		{CA7E4D71-3858-48F2-AF68-7E6DA88F79C9}.SL30-Release|Mixed Platforms.Build.0 = Release|Any CPU
		{CA7E4D71-3858-48F2-AF68-7E6DA88F79C9}.SL30-Release|x86.ActiveCfg = Release|Any CPU
		{CA7E4D71-3858-48F2-AF68-7E6DA88F79C9}.SL40-Debug|Any CPU.ActiveCfg = Debug|Any CPU
		{CA7E4D71-3858-48F2-AF68-7E6DA88F79C9}.SL40-Debug|Any CPU.Build.0 = Debug|Any CPU
		{CA7E4D71-3858-48F2-AF68-7E6DA88F79C9}.SL40-Debug|Mixed Platforms.ActiveCfg = Debug|Any CPU
		{CA7E4D71-3858-48F2-AF68-7E6DA88F79C9}.SL40-Debug|Mixed Platforms.Build.0 = Debug|Any CPU
		{CA7E4D71-3858-48F2-AF68-7E6DA88F79C9}.SL40-Debug|x86.ActiveCfg = Debug|Any CPU
		{CA7E4D71-3858-48F2-AF68-7E6DA88F79C9}.SL40-Release|Any CPU.ActiveCfg = Release|Any CPU
		{CA7E4D71-3858-48F2-AF68-7E6DA88F79C9}.SL40-Release|Any CPU.Build.0 = Release|Any CPU
		{CA7E4D71-3858-48F2-AF68-7E6DA88F79C9}.SL40-Release|Mixed Platforms.ActiveCfg = Release|Any CPU
		{CA7E4D71-3858-48F2-AF68-7E6DA88F79C9}.SL40-Release|Mixed Platforms.Build.0 = Release|Any CPU
		{CA7E4D71-3858-48F2-AF68-7E6DA88F79C9}.SL40-Release|x86.ActiveCfg = Release|Any CPU
		{7BE13DBC-C110-469E-92E7-49720938A62E}.CD_ROM|Any CPU.ActiveCfg = Release|Any CPU
		{7BE13DBC-C110-469E-92E7-49720938A62E}.CD_ROM|Any CPU.Build.0 = Release|Any CPU
		{7BE13DBC-C110-469E-92E7-49720938A62E}.CD_ROM|Mixed Platforms.ActiveCfg = Release|Any CPU
		{7BE13DBC-C110-469E-92E7-49720938A62E}.CD_ROM|Mixed Platforms.Build.0 = Release|Any CPU
		{7BE13DBC-C110-469E-92E7-49720938A62E}.CD_ROM|x86.ActiveCfg = Release|Any CPU
		{7BE13DBC-C110-469E-92E7-49720938A62E}.Debug|Any CPU.ActiveCfg = Debug|Any CPU
		{7BE13DBC-C110-469E-92E7-49720938A62E}.Debug|Any CPU.Build.0 = Debug|Any CPU
		{7BE13DBC-C110-469E-92E7-49720938A62E}.Debug|Mixed Platforms.ActiveCfg = Debug|Any CPU
		{7BE13DBC-C110-469E-92E7-49720938A62E}.Debug|Mixed Platforms.Build.0 = Debug|Any CPU
		{7BE13DBC-C110-469E-92E7-49720938A62E}.Debug|x86.ActiveCfg = Debug|Any CPU
		{7BE13DBC-C110-469E-92E7-49720938A62E}.DVD-5|Any CPU.ActiveCfg = Debug|Any CPU
		{7BE13DBC-C110-469E-92E7-49720938A62E}.DVD-5|Any CPU.Build.0 = Debug|Any CPU
		{7BE13DBC-C110-469E-92E7-49720938A62E}.DVD-5|Mixed Platforms.ActiveCfg = Debug|Any CPU
		{7BE13DBC-C110-469E-92E7-49720938A62E}.DVD-5|Mixed Platforms.Build.0 = Debug|Any CPU
		{7BE13DBC-C110-469E-92E7-49720938A62E}.DVD-5|x86.ActiveCfg = Debug|Any CPU
		{7BE13DBC-C110-469E-92E7-49720938A62E}.MONO26-Debug|Any CPU.ActiveCfg = Debug|Any CPU
		{7BE13DBC-C110-469E-92E7-49720938A62E}.MONO26-Debug|Any CPU.Build.0 = Debug|Any CPU
		{7BE13DBC-C110-469E-92E7-49720938A62E}.MONO26-Debug|Mixed Platforms.ActiveCfg = Debug|Any CPU
		{7BE13DBC-C110-469E-92E7-49720938A62E}.MONO26-Debug|Mixed Platforms.Build.0 = Debug|Any CPU
		{7BE13DBC-C110-469E-92E7-49720938A62E}.MONO26-Debug|x86.ActiveCfg = Debug|Any CPU
		{7BE13DBC-C110-469E-92E7-49720938A62E}.MONO26-Release|Any CPU.ActiveCfg = Release|Any CPU
		{7BE13DBC-C110-469E-92E7-49720938A62E}.MONO26-Release|Any CPU.Build.0 = Release|Any CPU
		{7BE13DBC-C110-469E-92E7-49720938A62E}.MONO26-Release|Mixed Platforms.ActiveCfg = Release|Any CPU
		{7BE13DBC-C110-469E-92E7-49720938A62E}.MONO26-Release|Mixed Platforms.Build.0 = Release|Any CPU
		{7BE13DBC-C110-469E-92E7-49720938A62E}.MONO26-Release|x86.ActiveCfg = Release|Any CPU
		{7BE13DBC-C110-469E-92E7-49720938A62E}.MONO28-Debug|Any CPU.ActiveCfg = Debug|Any CPU
		{7BE13DBC-C110-469E-92E7-49720938A62E}.MONO28-Debug|Any CPU.Build.0 = Debug|Any CPU
		{7BE13DBC-C110-469E-92E7-49720938A62E}.MONO28-Debug|Mixed Platforms.ActiveCfg = Debug|Any CPU
		{7BE13DBC-C110-469E-92E7-49720938A62E}.MONO28-Debug|Mixed Platforms.Build.0 = Debug|Any CPU
		{7BE13DBC-C110-469E-92E7-49720938A62E}.MONO28-Debug|x86.ActiveCfg = Debug|Any CPU
		{7BE13DBC-C110-469E-92E7-49720938A62E}.MONO28-Release|Any CPU.ActiveCfg = Release|Any CPU
		{7BE13DBC-C110-469E-92E7-49720938A62E}.MONO28-Release|Any CPU.Build.0 = Release|Any CPU
		{7BE13DBC-C110-469E-92E7-49720938A62E}.MONO28-Release|Mixed Platforms.ActiveCfg = Release|Any CPU
		{7BE13DBC-C110-469E-92E7-49720938A62E}.MONO28-Release|Mixed Platforms.Build.0 = Release|Any CPU
		{7BE13DBC-C110-469E-92E7-49720938A62E}.MONO28-Release|x86.ActiveCfg = Release|Any CPU
		{7BE13DBC-C110-469E-92E7-49720938A62E}.NET35-Debug|Any CPU.ActiveCfg = Debug|Any CPU
		{7BE13DBC-C110-469E-92E7-49720938A62E}.NET35-Debug|Any CPU.Build.0 = Debug|Any CPU
		{7BE13DBC-C110-469E-92E7-49720938A62E}.NET35-Debug|Mixed Platforms.ActiveCfg = Debug|Any CPU
		{7BE13DBC-C110-469E-92E7-49720938A62E}.NET35-Debug|Mixed Platforms.Build.0 = Debug|Any CPU
		{7BE13DBC-C110-469E-92E7-49720938A62E}.NET35-Debug|x86.ActiveCfg = Debug|Any CPU
		{7BE13DBC-C110-469E-92E7-49720938A62E}.NET35-Release|Any CPU.ActiveCfg = Release|Any CPU
		{7BE13DBC-C110-469E-92E7-49720938A62E}.NET35-Release|Any CPU.Build.0 = Release|Any CPU
		{7BE13DBC-C110-469E-92E7-49720938A62E}.NET35-Release|Mixed Platforms.ActiveCfg = Release|Any CPU
		{7BE13DBC-C110-469E-92E7-49720938A62E}.NET35-Release|Mixed Platforms.Build.0 = Release|Any CPU
		{7BE13DBC-C110-469E-92E7-49720938A62E}.NET35-Release|x86.ActiveCfg = Release|Any CPU
		{7BE13DBC-C110-469E-92E7-49720938A62E}.NET40-Debug|Any CPU.ActiveCfg = Debug|Any CPU
		{7BE13DBC-C110-469E-92E7-49720938A62E}.NET40-Debug|Any CPU.Build.0 = Debug|Any CPU
		{7BE13DBC-C110-469E-92E7-49720938A62E}.NET40-Debug|Mixed Platforms.ActiveCfg = Debug|Any CPU
		{7BE13DBC-C110-469E-92E7-49720938A62E}.NET40-Debug|Mixed Platforms.Build.0 = Debug|Any CPU
		{7BE13DBC-C110-469E-92E7-49720938A62E}.NET40-Debug|x86.ActiveCfg = Debug|Any CPU
		{7BE13DBC-C110-469E-92E7-49720938A62E}.NET40-Release|Any CPU.ActiveCfg = Release|Any CPU
		{7BE13DBC-C110-469E-92E7-49720938A62E}.NET40-Release|Any CPU.Build.0 = Release|Any CPU
		{7BE13DBC-C110-469E-92E7-49720938A62E}.NET40-Release|Mixed Platforms.ActiveCfg = Release|Any CPU
		{7BE13DBC-C110-469E-92E7-49720938A62E}.NET40-Release|Mixed Platforms.Build.0 = Release|Any CPU
		{7BE13DBC-C110-469E-92E7-49720938A62E}.NET40-Release|x86.ActiveCfg = Release|Any CPU
		{7BE13DBC-C110-469E-92E7-49720938A62E}.Release|Any CPU.ActiveCfg = Release|Any CPU
		{7BE13DBC-C110-469E-92E7-49720938A62E}.Release|Any CPU.Build.0 = Release|Any CPU
		{7BE13DBC-C110-469E-92E7-49720938A62E}.Release|Mixed Platforms.ActiveCfg = Release|Any CPU
		{7BE13DBC-C110-469E-92E7-49720938A62E}.Release|Mixed Platforms.Build.0 = Release|Any CPU
		{7BE13DBC-C110-469E-92E7-49720938A62E}.Release|x86.ActiveCfg = Release|Any CPU
		{7BE13DBC-C110-469E-92E7-49720938A62E}.SingleImage|Any CPU.ActiveCfg = Release|Any CPU
		{7BE13DBC-C110-469E-92E7-49720938A62E}.SingleImage|Any CPU.Build.0 = Release|Any CPU
		{7BE13DBC-C110-469E-92E7-49720938A62E}.SingleImage|Mixed Platforms.ActiveCfg = Release|Any CPU
		{7BE13DBC-C110-469E-92E7-49720938A62E}.SingleImage|Mixed Platforms.Build.0 = Release|Any CPU
		{7BE13DBC-C110-469E-92E7-49720938A62E}.SingleImage|x86.ActiveCfg = Release|Any CPU
		{7BE13DBC-C110-469E-92E7-49720938A62E}.SL30-Debug|Any CPU.ActiveCfg = Debug|Any CPU
		{7BE13DBC-C110-469E-92E7-49720938A62E}.SL30-Debug|Any CPU.Build.0 = Debug|Any CPU
		{7BE13DBC-C110-469E-92E7-49720938A62E}.SL30-Debug|Mixed Platforms.ActiveCfg = Debug|Any CPU
		{7BE13DBC-C110-469E-92E7-49720938A62E}.SL30-Debug|Mixed Platforms.Build.0 = Debug|Any CPU
		{7BE13DBC-C110-469E-92E7-49720938A62E}.SL30-Debug|x86.ActiveCfg = Debug|Any CPU
		{7BE13DBC-C110-469E-92E7-49720938A62E}.SL30-Release|Any CPU.ActiveCfg = Release|Any CPU
		{7BE13DBC-C110-469E-92E7-49720938A62E}.SL30-Release|Any CPU.Build.0 = Release|Any CPU
		{7BE13DBC-C110-469E-92E7-49720938A62E}.SL30-Release|Mixed Platforms.ActiveCfg = Release|Any CPU
		{7BE13DBC-C110-469E-92E7-49720938A62E}.SL30-Release|Mixed Platforms.Build.0 = Release|Any CPU
		{7BE13DBC-C110-469E-92E7-49720938A62E}.SL30-Release|x86.ActiveCfg = Release|Any CPU
		{7BE13DBC-C110-469E-92E7-49720938A62E}.SL40-Debug|Any CPU.ActiveCfg = Debug|Any CPU
		{7BE13DBC-C110-469E-92E7-49720938A62E}.SL40-Debug|Any CPU.Build.0 = Debug|Any CPU
		{7BE13DBC-C110-469E-92E7-49720938A62E}.SL40-Debug|Mixed Platforms.ActiveCfg = Debug|Any CPU
		{7BE13DBC-C110-469E-92E7-49720938A62E}.SL40-Debug|Mixed Platforms.Build.0 = Debug|Any CPU
		{7BE13DBC-C110-469E-92E7-49720938A62E}.SL40-Debug|x86.ActiveCfg = Debug|Any CPU
		{7BE13DBC-C110-469E-92E7-49720938A62E}.SL40-Release|Any CPU.ActiveCfg = Release|Any CPU
		{7BE13DBC-C110-469E-92E7-49720938A62E}.SL40-Release|Any CPU.Build.0 = Release|Any CPU
		{7BE13DBC-C110-469E-92E7-49720938A62E}.SL40-Release|Mixed Platforms.ActiveCfg = Release|Any CPU
		{7BE13DBC-C110-469E-92E7-49720938A62E}.SL40-Release|Mixed Platforms.Build.0 = Release|Any CPU
		{7BE13DBC-C110-469E-92E7-49720938A62E}.SL40-Release|x86.ActiveCfg = Release|Any CPU
		{5CBB275C-B269-4769-8147-ECCE4CC53384}.CD_ROM|Any CPU.ActiveCfg = Release|Any CPU
		{5CBB275C-B269-4769-8147-ECCE4CC53384}.CD_ROM|Any CPU.Build.0 = Release|Any CPU
		{5CBB275C-B269-4769-8147-ECCE4CC53384}.CD_ROM|Mixed Platforms.ActiveCfg = Release|Any CPU
		{5CBB275C-B269-4769-8147-ECCE4CC53384}.CD_ROM|Mixed Platforms.Build.0 = Release|Any CPU
		{5CBB275C-B269-4769-8147-ECCE4CC53384}.CD_ROM|x86.ActiveCfg = Release|Any CPU
		{5CBB275C-B269-4769-8147-ECCE4CC53384}.Debug|Any CPU.ActiveCfg = Debug|Any CPU
		{5CBB275C-B269-4769-8147-ECCE4CC53384}.Debug|Any CPU.Build.0 = Debug|Any CPU
		{5CBB275C-B269-4769-8147-ECCE4CC53384}.Debug|Mixed Platforms.ActiveCfg = Debug|Any CPU
		{5CBB275C-B269-4769-8147-ECCE4CC53384}.Debug|Mixed Platforms.Build.0 = Debug|Any CPU
		{5CBB275C-B269-4769-8147-ECCE4CC53384}.Debug|x86.ActiveCfg = Debug|Any CPU
		{5CBB275C-B269-4769-8147-ECCE4CC53384}.DVD-5|Any CPU.ActiveCfg = Debug|Any CPU
		{5CBB275C-B269-4769-8147-ECCE4CC53384}.DVD-5|Any CPU.Build.0 = Debug|Any CPU
		{5CBB275C-B269-4769-8147-ECCE4CC53384}.DVD-5|Mixed Platforms.ActiveCfg = Debug|Any CPU
		{5CBB275C-B269-4769-8147-ECCE4CC53384}.DVD-5|Mixed Platforms.Build.0 = Debug|Any CPU
		{5CBB275C-B269-4769-8147-ECCE4CC53384}.DVD-5|x86.ActiveCfg = Debug|Any CPU
		{5CBB275C-B269-4769-8147-ECCE4CC53384}.MONO26-Debug|Any CPU.ActiveCfg = Debug|Any CPU
		{5CBB275C-B269-4769-8147-ECCE4CC53384}.MONO26-Debug|Any CPU.Build.0 = Debug|Any CPU
		{5CBB275C-B269-4769-8147-ECCE4CC53384}.MONO26-Debug|Mixed Platforms.ActiveCfg = Debug|Any CPU
		{5CBB275C-B269-4769-8147-ECCE4CC53384}.MONO26-Debug|Mixed Platforms.Build.0 = Debug|Any CPU
		{5CBB275C-B269-4769-8147-ECCE4CC53384}.MONO26-Debug|x86.ActiveCfg = Debug|Any CPU
		{5CBB275C-B269-4769-8147-ECCE4CC53384}.MONO26-Release|Any CPU.ActiveCfg = Release|Any CPU
		{5CBB275C-B269-4769-8147-ECCE4CC53384}.MONO26-Release|Any CPU.Build.0 = Release|Any CPU
		{5CBB275C-B269-4769-8147-ECCE4CC53384}.MONO26-Release|Mixed Platforms.ActiveCfg = Release|Any CPU
		{5CBB275C-B269-4769-8147-ECCE4CC53384}.MONO26-Release|Mixed Platforms.Build.0 = Release|Any CPU
		{5CBB275C-B269-4769-8147-ECCE4CC53384}.MONO26-Release|x86.ActiveCfg = Release|Any CPU
		{5CBB275C-B269-4769-8147-ECCE4CC53384}.MONO28-Debug|Any CPU.ActiveCfg = Debug|Any CPU
		{5CBB275C-B269-4769-8147-ECCE4CC53384}.MONO28-Debug|Any CPU.Build.0 = Debug|Any CPU
		{5CBB275C-B269-4769-8147-ECCE4CC53384}.MONO28-Debug|Mixed Platforms.ActiveCfg = Debug|Any CPU
		{5CBB275C-B269-4769-8147-ECCE4CC53384}.MONO28-Debug|Mixed Platforms.Build.0 = Debug|Any CPU
		{5CBB275C-B269-4769-8147-ECCE4CC53384}.MONO28-Debug|x86.ActiveCfg = Debug|Any CPU
		{5CBB275C-B269-4769-8147-ECCE4CC53384}.MONO28-Release|Any CPU.ActiveCfg = Release|Any CPU
		{5CBB275C-B269-4769-8147-ECCE4CC53384}.MONO28-Release|Any CPU.Build.0 = Release|Any CPU
		{5CBB275C-B269-4769-8147-ECCE4CC53384}.MONO28-Release|Mixed Platforms.ActiveCfg = Release|Any CPU
		{5CBB275C-B269-4769-8147-ECCE4CC53384}.MONO28-Release|Mixed Platforms.Build.0 = Release|Any CPU
		{5CBB275C-B269-4769-8147-ECCE4CC53384}.MONO28-Release|x86.ActiveCfg = Release|Any CPU
		{5CBB275C-B269-4769-8147-ECCE4CC53384}.NET35-Debug|Any CPU.ActiveCfg = Debug|Any CPU
		{5CBB275C-B269-4769-8147-ECCE4CC53384}.NET35-Debug|Any CPU.Build.0 = Debug|Any CPU
		{5CBB275C-B269-4769-8147-ECCE4CC53384}.NET35-Debug|Mixed Platforms.ActiveCfg = Debug|Any CPU
		{5CBB275C-B269-4769-8147-ECCE4CC53384}.NET35-Debug|Mixed Platforms.Build.0 = Debug|Any CPU
		{5CBB275C-B269-4769-8147-ECCE4CC53384}.NET35-Debug|x86.ActiveCfg = Debug|Any CPU
		{5CBB275C-B269-4769-8147-ECCE4CC53384}.NET35-Release|Any CPU.ActiveCfg = Release|Any CPU
		{5CBB275C-B269-4769-8147-ECCE4CC53384}.NET35-Release|Any CPU.Build.0 = Release|Any CPU
		{5CBB275C-B269-4769-8147-ECCE4CC53384}.NET35-Release|Mixed Platforms.ActiveCfg = Release|Any CPU
		{5CBB275C-B269-4769-8147-ECCE4CC53384}.NET35-Release|Mixed Platforms.Build.0 = Release|Any CPU
		{5CBB275C-B269-4769-8147-ECCE4CC53384}.NET35-Release|x86.ActiveCfg = Release|Any CPU
		{5CBB275C-B269-4769-8147-ECCE4CC53384}.NET40-Debug|Any CPU.ActiveCfg = Debug|Any CPU
		{5CBB275C-B269-4769-8147-ECCE4CC53384}.NET40-Debug|Any CPU.Build.0 = Debug|Any CPU
		{5CBB275C-B269-4769-8147-ECCE4CC53384}.NET40-Debug|Mixed Platforms.ActiveCfg = Debug|Any CPU
		{5CBB275C-B269-4769-8147-ECCE4CC53384}.NET40-Debug|Mixed Platforms.Build.0 = Debug|Any CPU
		{5CBB275C-B269-4769-8147-ECCE4CC53384}.NET40-Debug|x86.ActiveCfg = Debug|Any CPU
		{5CBB275C-B269-4769-8147-ECCE4CC53384}.NET40-Release|Any CPU.ActiveCfg = Release|Any CPU
		{5CBB275C-B269-4769-8147-ECCE4CC53384}.NET40-Release|Any CPU.Build.0 = Release|Any CPU
		{5CBB275C-B269-4769-8147-ECCE4CC53384}.NET40-Release|Mixed Platforms.ActiveCfg = Release|Any CPU
		{5CBB275C-B269-4769-8147-ECCE4CC53384}.NET40-Release|Mixed Platforms.Build.0 = Release|Any CPU
		{5CBB275C-B269-4769-8147-ECCE4CC53384}.NET40-Release|x86.ActiveCfg = Release|Any CPU
		{5CBB275C-B269-4769-8147-ECCE4CC53384}.Release|Any CPU.ActiveCfg = Release|Any CPU
		{5CBB275C-B269-4769-8147-ECCE4CC53384}.Release|Any CPU.Build.0 = Release|Any CPU
		{5CBB275C-B269-4769-8147-ECCE4CC53384}.Release|Mixed Platforms.ActiveCfg = Release|Any CPU
		{5CBB275C-B269-4769-8147-ECCE4CC53384}.Release|Mixed Platforms.Build.0 = Release|Any CPU
		{5CBB275C-B269-4769-8147-ECCE4CC53384}.Release|x86.ActiveCfg = Release|Any CPU
		{5CBB275C-B269-4769-8147-ECCE4CC53384}.SingleImage|Any CPU.ActiveCfg = Release|Any CPU
		{5CBB275C-B269-4769-8147-ECCE4CC53384}.SingleImage|Any CPU.Build.0 = Release|Any CPU
		{5CBB275C-B269-4769-8147-ECCE4CC53384}.SingleImage|Mixed Platforms.ActiveCfg = Release|Any CPU
		{5CBB275C-B269-4769-8147-ECCE4CC53384}.SingleImage|Mixed Platforms.Build.0 = Release|Any CPU
		{5CBB275C-B269-4769-8147-ECCE4CC53384}.SingleImage|x86.ActiveCfg = Release|Any CPU
		{5CBB275C-B269-4769-8147-ECCE4CC53384}.SL30-Debug|Any CPU.ActiveCfg = Debug|Any CPU
		{5CBB275C-B269-4769-8147-ECCE4CC53384}.SL30-Debug|Any CPU.Build.0 = Debug|Any CPU
		{5CBB275C-B269-4769-8147-ECCE4CC53384}.SL30-Debug|Mixed Platforms.ActiveCfg = Debug|Any CPU
		{5CBB275C-B269-4769-8147-ECCE4CC53384}.SL30-Debug|Mixed Platforms.Build.0 = Debug|Any CPU
		{5CBB275C-B269-4769-8147-ECCE4CC53384}.SL30-Debug|x86.ActiveCfg = Debug|Any CPU
		{5CBB275C-B269-4769-8147-ECCE4CC53384}.SL30-Release|Any CPU.ActiveCfg = Release|Any CPU
		{5CBB275C-B269-4769-8147-ECCE4CC53384}.SL30-Release|Any CPU.Build.0 = Release|Any CPU
		{5CBB275C-B269-4769-8147-ECCE4CC53384}.SL30-Release|Mixed Platforms.ActiveCfg = Release|Any CPU
		{5CBB275C-B269-4769-8147-ECCE4CC53384}.SL30-Release|Mixed Platforms.Build.0 = Release|Any CPU
		{5CBB275C-B269-4769-8147-ECCE4CC53384}.SL30-Release|x86.ActiveCfg = Release|Any CPU
		{5CBB275C-B269-4769-8147-ECCE4CC53384}.SL40-Debug|Any CPU.ActiveCfg = Debug|Any CPU
		{5CBB275C-B269-4769-8147-ECCE4CC53384}.SL40-Debug|Any CPU.Build.0 = Debug|Any CPU
		{5CBB275C-B269-4769-8147-ECCE4CC53384}.SL40-Debug|Mixed Platforms.ActiveCfg = Debug|Any CPU
		{5CBB275C-B269-4769-8147-ECCE4CC53384}.SL40-Debug|Mixed Platforms.Build.0 = Debug|Any CPU
		{5CBB275C-B269-4769-8147-ECCE4CC53384}.SL40-Debug|x86.ActiveCfg = Debug|Any CPU
		{5CBB275C-B269-4769-8147-ECCE4CC53384}.SL40-Release|Any CPU.ActiveCfg = Release|Any CPU
		{5CBB275C-B269-4769-8147-ECCE4CC53384}.SL40-Release|Any CPU.Build.0 = Release|Any CPU
		{5CBB275C-B269-4769-8147-ECCE4CC53384}.SL40-Release|Mixed Platforms.ActiveCfg = Release|Any CPU
		{5CBB275C-B269-4769-8147-ECCE4CC53384}.SL40-Release|Mixed Platforms.Build.0 = Release|Any CPU
		{5CBB275C-B269-4769-8147-ECCE4CC53384}.SL40-Release|x86.ActiveCfg = Release|Any CPU
		{D21917AD-6DE7-4AF4-B1F3-B77F5FB0C23F}.CD_ROM|Any CPU.ActiveCfg = Release
		{D21917AD-6DE7-4AF4-B1F3-B77F5FB0C23F}.CD_ROM|Any CPU.Build.0 = Release
		{D21917AD-6DE7-4AF4-B1F3-B77F5FB0C23F}.CD_ROM|Mixed Platforms.ActiveCfg = Release
		{D21917AD-6DE7-4AF4-B1F3-B77F5FB0C23F}.CD_ROM|Mixed Platforms.Build.0 = Release
		{D21917AD-6DE7-4AF4-B1F3-B77F5FB0C23F}.CD_ROM|x86.ActiveCfg = Release
		{D21917AD-6DE7-4AF4-B1F3-B77F5FB0C23F}.CD_ROM|x86.Build.0 = Release
		{D21917AD-6DE7-4AF4-B1F3-B77F5FB0C23F}.Debug|Any CPU.ActiveCfg = Debug
		{D21917AD-6DE7-4AF4-B1F3-B77F5FB0C23F}.Debug|Any CPU.Build.0 = Debug
		{D21917AD-6DE7-4AF4-B1F3-B77F5FB0C23F}.Debug|Mixed Platforms.ActiveCfg = Debug
		{D21917AD-6DE7-4AF4-B1F3-B77F5FB0C23F}.Debug|x86.ActiveCfg = Debug
		{D21917AD-6DE7-4AF4-B1F3-B77F5FB0C23F}.Debug|x86.Build.0 = Debug
		{D21917AD-6DE7-4AF4-B1F3-B77F5FB0C23F}.DVD-5|Any CPU.ActiveCfg = Debug
		{D21917AD-6DE7-4AF4-B1F3-B77F5FB0C23F}.DVD-5|Any CPU.Build.0 = Debug
		{D21917AD-6DE7-4AF4-B1F3-B77F5FB0C23F}.DVD-5|Mixed Platforms.ActiveCfg = Debug
		{D21917AD-6DE7-4AF4-B1F3-B77F5FB0C23F}.DVD-5|Mixed Platforms.Build.0 = Debug
		{D21917AD-6DE7-4AF4-B1F3-B77F5FB0C23F}.DVD-5|x86.ActiveCfg = Debug
		{D21917AD-6DE7-4AF4-B1F3-B77F5FB0C23F}.DVD-5|x86.Build.0 = Debug
		{D21917AD-6DE7-4AF4-B1F3-B77F5FB0C23F}.MONO26-Debug|Any CPU.ActiveCfg = Debug
		{D21917AD-6DE7-4AF4-B1F3-B77F5FB0C23F}.MONO26-Debug|Any CPU.Build.0 = Debug
		{D21917AD-6DE7-4AF4-B1F3-B77F5FB0C23F}.MONO26-Debug|Mixed Platforms.ActiveCfg = Debug
		{D21917AD-6DE7-4AF4-B1F3-B77F5FB0C23F}.MONO26-Debug|Mixed Platforms.Build.0 = Debug
		{D21917AD-6DE7-4AF4-B1F3-B77F5FB0C23F}.MONO26-Debug|x86.ActiveCfg = Debug
		{D21917AD-6DE7-4AF4-B1F3-B77F5FB0C23F}.MONO26-Debug|x86.Build.0 = Debug
		{D21917AD-6DE7-4AF4-B1F3-B77F5FB0C23F}.MONO26-Release|Any CPU.ActiveCfg = Release
		{D21917AD-6DE7-4AF4-B1F3-B77F5FB0C23F}.MONO26-Release|Any CPU.Build.0 = Release
		{D21917AD-6DE7-4AF4-B1F3-B77F5FB0C23F}.MONO26-Release|Mixed Platforms.ActiveCfg = Release
		{D21917AD-6DE7-4AF4-B1F3-B77F5FB0C23F}.MONO26-Release|Mixed Platforms.Build.0 = Release
		{D21917AD-6DE7-4AF4-B1F3-B77F5FB0C23F}.MONO26-Release|x86.ActiveCfg = Release
		{D21917AD-6DE7-4AF4-B1F3-B77F5FB0C23F}.MONO26-Release|x86.Build.0 = Release
		{D21917AD-6DE7-4AF4-B1F3-B77F5FB0C23F}.MONO28-Debug|Any CPU.ActiveCfg = Debug
		{D21917AD-6DE7-4AF4-B1F3-B77F5FB0C23F}.MONO28-Debug|Any CPU.Build.0 = Debug
		{D21917AD-6DE7-4AF4-B1F3-B77F5FB0C23F}.MONO28-Debug|Mixed Platforms.ActiveCfg = Debug
		{D21917AD-6DE7-4AF4-B1F3-B77F5FB0C23F}.MONO28-Debug|Mixed Platforms.Build.0 = Debug
		{D21917AD-6DE7-4AF4-B1F3-B77F5FB0C23F}.MONO28-Debug|x86.ActiveCfg = Debug
		{D21917AD-6DE7-4AF4-B1F3-B77F5FB0C23F}.MONO28-Debug|x86.Build.0 = Debug
		{D21917AD-6DE7-4AF4-B1F3-B77F5FB0C23F}.MONO28-Release|Any CPU.ActiveCfg = Release
		{D21917AD-6DE7-4AF4-B1F3-B77F5FB0C23F}.MONO28-Release|Any CPU.Build.0 = Release
		{D21917AD-6DE7-4AF4-B1F3-B77F5FB0C23F}.MONO28-Release|Mixed Platforms.ActiveCfg = Release
		{D21917AD-6DE7-4AF4-B1F3-B77F5FB0C23F}.MONO28-Release|Mixed Platforms.Build.0 = Release
		{D21917AD-6DE7-4AF4-B1F3-B77F5FB0C23F}.MONO28-Release|x86.ActiveCfg = Release
		{D21917AD-6DE7-4AF4-B1F3-B77F5FB0C23F}.MONO28-Release|x86.Build.0 = Release
		{D21917AD-6DE7-4AF4-B1F3-B77F5FB0C23F}.NET35-Debug|Any CPU.ActiveCfg = Debug
		{D21917AD-6DE7-4AF4-B1F3-B77F5FB0C23F}.NET35-Debug|Any CPU.Build.0 = Debug
		{D21917AD-6DE7-4AF4-B1F3-B77F5FB0C23F}.NET35-Debug|Mixed Platforms.ActiveCfg = Debug
		{D21917AD-6DE7-4AF4-B1F3-B77F5FB0C23F}.NET35-Debug|Mixed Platforms.Build.0 = Debug
		{D21917AD-6DE7-4AF4-B1F3-B77F5FB0C23F}.NET35-Debug|x86.ActiveCfg = Debug
		{D21917AD-6DE7-4AF4-B1F3-B77F5FB0C23F}.NET35-Debug|x86.Build.0 = Debug
		{D21917AD-6DE7-4AF4-B1F3-B77F5FB0C23F}.NET35-Release|Any CPU.ActiveCfg = Release
		{D21917AD-6DE7-4AF4-B1F3-B77F5FB0C23F}.NET35-Release|Any CPU.Build.0 = Release
		{D21917AD-6DE7-4AF4-B1F3-B77F5FB0C23F}.NET35-Release|Mixed Platforms.ActiveCfg = Release
		{D21917AD-6DE7-4AF4-B1F3-B77F5FB0C23F}.NET35-Release|Mixed Platforms.Build.0 = Release
		{D21917AD-6DE7-4AF4-B1F3-B77F5FB0C23F}.NET35-Release|x86.ActiveCfg = Release
		{D21917AD-6DE7-4AF4-B1F3-B77F5FB0C23F}.NET35-Release|x86.Build.0 = Release
		{D21917AD-6DE7-4AF4-B1F3-B77F5FB0C23F}.NET40-Debug|Any CPU.ActiveCfg = Debug
		{D21917AD-6DE7-4AF4-B1F3-B77F5FB0C23F}.NET40-Debug|Any CPU.Build.0 = Debug
		{D21917AD-6DE7-4AF4-B1F3-B77F5FB0C23F}.NET40-Debug|Mixed Platforms.ActiveCfg = Debug
		{D21917AD-6DE7-4AF4-B1F3-B77F5FB0C23F}.NET40-Debug|Mixed Platforms.Build.0 = Debug
		{D21917AD-6DE7-4AF4-B1F3-B77F5FB0C23F}.NET40-Debug|x86.ActiveCfg = Debug
		{D21917AD-6DE7-4AF4-B1F3-B77F5FB0C23F}.NET40-Debug|x86.Build.0 = Debug
		{D21917AD-6DE7-4AF4-B1F3-B77F5FB0C23F}.NET40-Release|Any CPU.ActiveCfg = Release
		{D21917AD-6DE7-4AF4-B1F3-B77F5FB0C23F}.NET40-Release|Any CPU.Build.0 = Release
		{D21917AD-6DE7-4AF4-B1F3-B77F5FB0C23F}.NET40-Release|Mixed Platforms.ActiveCfg = Release
		{D21917AD-6DE7-4AF4-B1F3-B77F5FB0C23F}.NET40-Release|Mixed Platforms.Build.0 = Release
		{D21917AD-6DE7-4AF4-B1F3-B77F5FB0C23F}.NET40-Release|x86.ActiveCfg = Release
		{D21917AD-6DE7-4AF4-B1F3-B77F5FB0C23F}.NET40-Release|x86.Build.0 = Release
		{D21917AD-6DE7-4AF4-B1F3-B77F5FB0C23F}.Release|Any CPU.ActiveCfg = Release
		{D21917AD-6DE7-4AF4-B1F3-B77F5FB0C23F}.Release|Any CPU.Build.0 = Release
		{D21917AD-6DE7-4AF4-B1F3-B77F5FB0C23F}.Release|Mixed Platforms.ActiveCfg = Release
		{D21917AD-6DE7-4AF4-B1F3-B77F5FB0C23F}.Release|Mixed Platforms.Build.0 = Release
		{D21917AD-6DE7-4AF4-B1F3-B77F5FB0C23F}.Release|x86.ActiveCfg = Release
		{D21917AD-6DE7-4AF4-B1F3-B77F5FB0C23F}.Release|x86.Build.0 = Release
		{D21917AD-6DE7-4AF4-B1F3-B77F5FB0C23F}.SingleImage|Any CPU.ActiveCfg = Release
		{D21917AD-6DE7-4AF4-B1F3-B77F5FB0C23F}.SingleImage|Any CPU.Build.0 = Release
		{D21917AD-6DE7-4AF4-B1F3-B77F5FB0C23F}.SingleImage|Mixed Platforms.ActiveCfg = Release
		{D21917AD-6DE7-4AF4-B1F3-B77F5FB0C23F}.SingleImage|Mixed Platforms.Build.0 = Release
		{D21917AD-6DE7-4AF4-B1F3-B77F5FB0C23F}.SingleImage|x86.ActiveCfg = Release
		{D21917AD-6DE7-4AF4-B1F3-B77F5FB0C23F}.SingleImage|x86.Build.0 = Release
		{D21917AD-6DE7-4AF4-B1F3-B77F5FB0C23F}.SL30-Debug|Any CPU.ActiveCfg = Debug
		{D21917AD-6DE7-4AF4-B1F3-B77F5FB0C23F}.SL30-Debug|Any CPU.Build.0 = Debug
		{D21917AD-6DE7-4AF4-B1F3-B77F5FB0C23F}.SL30-Debug|Mixed Platforms.ActiveCfg = Debug
		{D21917AD-6DE7-4AF4-B1F3-B77F5FB0C23F}.SL30-Debug|Mixed Platforms.Build.0 = Debug
		{D21917AD-6DE7-4AF4-B1F3-B77F5FB0C23F}.SL30-Debug|x86.ActiveCfg = Debug
		{D21917AD-6DE7-4AF4-B1F3-B77F5FB0C23F}.SL30-Debug|x86.Build.0 = Debug
		{D21917AD-6DE7-4AF4-B1F3-B77F5FB0C23F}.SL30-Release|Any CPU.ActiveCfg = Release
		{D21917AD-6DE7-4AF4-B1F3-B77F5FB0C23F}.SL30-Release|Any CPU.Build.0 = Release
		{D21917AD-6DE7-4AF4-B1F3-B77F5FB0C23F}.SL30-Release|Mixed Platforms.ActiveCfg = Release
		{D21917AD-6DE7-4AF4-B1F3-B77F5FB0C23F}.SL30-Release|Mixed Platforms.Build.0 = Release
		{D21917AD-6DE7-4AF4-B1F3-B77F5FB0C23F}.SL30-Release|x86.ActiveCfg = Release
		{D21917AD-6DE7-4AF4-B1F3-B77F5FB0C23F}.SL30-Release|x86.Build.0 = Release
		{D21917AD-6DE7-4AF4-B1F3-B77F5FB0C23F}.SL40-Debug|Any CPU.ActiveCfg = Debug
		{D21917AD-6DE7-4AF4-B1F3-B77F5FB0C23F}.SL40-Debug|Any CPU.Build.0 = Debug
		{D21917AD-6DE7-4AF4-B1F3-B77F5FB0C23F}.SL40-Debug|Mixed Platforms.ActiveCfg = Debug
		{D21917AD-6DE7-4AF4-B1F3-B77F5FB0C23F}.SL40-Debug|Mixed Platforms.Build.0 = Debug
		{D21917AD-6DE7-4AF4-B1F3-B77F5FB0C23F}.SL40-Debug|x86.ActiveCfg = Debug
		{D21917AD-6DE7-4AF4-B1F3-B77F5FB0C23F}.SL40-Debug|x86.Build.0 = Debug
		{D21917AD-6DE7-4AF4-B1F3-B77F5FB0C23F}.SL40-Release|Any CPU.ActiveCfg = Release
		{D21917AD-6DE7-4AF4-B1F3-B77F5FB0C23F}.SL40-Release|Any CPU.Build.0 = Release
		{D21917AD-6DE7-4AF4-B1F3-B77F5FB0C23F}.SL40-Release|Mixed Platforms.ActiveCfg = Release
		{D21917AD-6DE7-4AF4-B1F3-B77F5FB0C23F}.SL40-Release|Mixed Platforms.Build.0 = Release
		{D21917AD-6DE7-4AF4-B1F3-B77F5FB0C23F}.SL40-Release|x86.ActiveCfg = Release
		{D21917AD-6DE7-4AF4-B1F3-B77F5FB0C23F}.SL40-Release|x86.Build.0 = Release
		{264ABBA0-6903-478A-8A65-DACF8ED3D3E1}.CD_ROM|Any CPU.ActiveCfg = Release|Any CPU
		{264ABBA0-6903-478A-8A65-DACF8ED3D3E1}.CD_ROM|Any CPU.Build.0 = Release|Any CPU
		{264ABBA0-6903-478A-8A65-DACF8ED3D3E1}.CD_ROM|Mixed Platforms.ActiveCfg = Release|Any CPU
		{264ABBA0-6903-478A-8A65-DACF8ED3D3E1}.CD_ROM|Mixed Platforms.Build.0 = Release|Any CPU
		{264ABBA0-6903-478A-8A65-DACF8ED3D3E1}.CD_ROM|x86.ActiveCfg = Release|Any CPU
		{264ABBA0-6903-478A-8A65-DACF8ED3D3E1}.Debug|Any CPU.ActiveCfg = Debug|Any CPU
		{264ABBA0-6903-478A-8A65-DACF8ED3D3E1}.Debug|Any CPU.Build.0 = Debug|Any CPU
		{264ABBA0-6903-478A-8A65-DACF8ED3D3E1}.Debug|Mixed Platforms.ActiveCfg = Debug|Any CPU
		{264ABBA0-6903-478A-8A65-DACF8ED3D3E1}.Debug|Mixed Platforms.Build.0 = Debug|Any CPU
		{264ABBA0-6903-478A-8A65-DACF8ED3D3E1}.Debug|x86.ActiveCfg = Debug|Any CPU
		{264ABBA0-6903-478A-8A65-DACF8ED3D3E1}.DVD-5|Any CPU.ActiveCfg = Debug|Any CPU
		{264ABBA0-6903-478A-8A65-DACF8ED3D3E1}.DVD-5|Any CPU.Build.0 = Debug|Any CPU
		{264ABBA0-6903-478A-8A65-DACF8ED3D3E1}.DVD-5|Mixed Platforms.ActiveCfg = Debug|Any CPU
		{264ABBA0-6903-478A-8A65-DACF8ED3D3E1}.DVD-5|Mixed Platforms.Build.0 = Debug|Any CPU
		{264ABBA0-6903-478A-8A65-DACF8ED3D3E1}.DVD-5|x86.ActiveCfg = Debug|Any CPU
		{264ABBA0-6903-478A-8A65-DACF8ED3D3E1}.MONO26-Debug|Any CPU.ActiveCfg = Debug|Any CPU
		{264ABBA0-6903-478A-8A65-DACF8ED3D3E1}.MONO26-Debug|Any CPU.Build.0 = Debug|Any CPU
		{264ABBA0-6903-478A-8A65-DACF8ED3D3E1}.MONO26-Debug|Mixed Platforms.ActiveCfg = Debug|Any CPU
		{264ABBA0-6903-478A-8A65-DACF8ED3D3E1}.MONO26-Debug|Mixed Platforms.Build.0 = Debug|Any CPU
		{264ABBA0-6903-478A-8A65-DACF8ED3D3E1}.MONO26-Debug|x86.ActiveCfg = Debug|Any CPU
		{264ABBA0-6903-478A-8A65-DACF8ED3D3E1}.MONO26-Release|Any CPU.ActiveCfg = Release|Any CPU
		{264ABBA0-6903-478A-8A65-DACF8ED3D3E1}.MONO26-Release|Any CPU.Build.0 = Release|Any CPU
		{264ABBA0-6903-478A-8A65-DACF8ED3D3E1}.MONO26-Release|Mixed Platforms.ActiveCfg = Release|Any CPU
		{264ABBA0-6903-478A-8A65-DACF8ED3D3E1}.MONO26-Release|Mixed Platforms.Build.0 = Release|Any CPU
		{264ABBA0-6903-478A-8A65-DACF8ED3D3E1}.MONO26-Release|x86.ActiveCfg = Release|Any CPU
		{264ABBA0-6903-478A-8A65-DACF8ED3D3E1}.MONO28-Debug|Any CPU.ActiveCfg = Debug|Any CPU
		{264ABBA0-6903-478A-8A65-DACF8ED3D3E1}.MONO28-Debug|Any CPU.Build.0 = Debug|Any CPU
		{264ABBA0-6903-478A-8A65-DACF8ED3D3E1}.MONO28-Debug|Mixed Platforms.ActiveCfg = Debug|Any CPU
		{264ABBA0-6903-478A-8A65-DACF8ED3D3E1}.MONO28-Debug|Mixed Platforms.Build.0 = Debug|Any CPU
		{264ABBA0-6903-478A-8A65-DACF8ED3D3E1}.MONO28-Debug|x86.ActiveCfg = Debug|Any CPU
		{264ABBA0-6903-478A-8A65-DACF8ED3D3E1}.MONO28-Release|Any CPU.ActiveCfg = Release|Any CPU
		{264ABBA0-6903-478A-8A65-DACF8ED3D3E1}.MONO28-Release|Any CPU.Build.0 = Release|Any CPU
		{264ABBA0-6903-478A-8A65-DACF8ED3D3E1}.MONO28-Release|Mixed Platforms.ActiveCfg = Release|Any CPU
		{264ABBA0-6903-478A-8A65-DACF8ED3D3E1}.MONO28-Release|Mixed Platforms.Build.0 = Release|Any CPU
		{264ABBA0-6903-478A-8A65-DACF8ED3D3E1}.MONO28-Release|x86.ActiveCfg = Release|Any CPU
		{264ABBA0-6903-478A-8A65-DACF8ED3D3E1}.NET35-Debug|Any CPU.ActiveCfg = Debug|Any CPU
		{264ABBA0-6903-478A-8A65-DACF8ED3D3E1}.NET35-Debug|Any CPU.Build.0 = Debug|Any CPU
		{264ABBA0-6903-478A-8A65-DACF8ED3D3E1}.NET35-Debug|Mixed Platforms.ActiveCfg = Debug|Any CPU
		{264ABBA0-6903-478A-8A65-DACF8ED3D3E1}.NET35-Debug|Mixed Platforms.Build.0 = Debug|Any CPU
		{264ABBA0-6903-478A-8A65-DACF8ED3D3E1}.NET35-Debug|x86.ActiveCfg = Debug|Any CPU
		{264ABBA0-6903-478A-8A65-DACF8ED3D3E1}.NET35-Release|Any CPU.ActiveCfg = Release|Any CPU
		{264ABBA0-6903-478A-8A65-DACF8ED3D3E1}.NET35-Release|Any CPU.Build.0 = Release|Any CPU
		{264ABBA0-6903-478A-8A65-DACF8ED3D3E1}.NET35-Release|Mixed Platforms.ActiveCfg = Release|Any CPU
		{264ABBA0-6903-478A-8A65-DACF8ED3D3E1}.NET35-Release|Mixed Platforms.Build.0 = Release|Any CPU
		{264ABBA0-6903-478A-8A65-DACF8ED3D3E1}.NET35-Release|x86.ActiveCfg = Release|Any CPU
		{264ABBA0-6903-478A-8A65-DACF8ED3D3E1}.NET40-Debug|Any CPU.ActiveCfg = Debug|Any CPU
		{264ABBA0-6903-478A-8A65-DACF8ED3D3E1}.NET40-Debug|Any CPU.Build.0 = Debug|Any CPU
		{264ABBA0-6903-478A-8A65-DACF8ED3D3E1}.NET40-Debug|Mixed Platforms.ActiveCfg = Debug|Any CPU
		{264ABBA0-6903-478A-8A65-DACF8ED3D3E1}.NET40-Debug|Mixed Platforms.Build.0 = Debug|Any CPU
		{264ABBA0-6903-478A-8A65-DACF8ED3D3E1}.NET40-Debug|x86.ActiveCfg = Debug|Any CPU
		{264ABBA0-6903-478A-8A65-DACF8ED3D3E1}.NET40-Release|Any CPU.ActiveCfg = Release|Any CPU
		{264ABBA0-6903-478A-8A65-DACF8ED3D3E1}.NET40-Release|Any CPU.Build.0 = Release|Any CPU
		{264ABBA0-6903-478A-8A65-DACF8ED3D3E1}.NET40-Release|Mixed Platforms.ActiveCfg = Release|Any CPU
		{264ABBA0-6903-478A-8A65-DACF8ED3D3E1}.NET40-Release|Mixed Platforms.Build.0 = Release|Any CPU
		{264ABBA0-6903-478A-8A65-DACF8ED3D3E1}.NET40-Release|x86.ActiveCfg = Release|Any CPU
		{264ABBA0-6903-478A-8A65-DACF8ED3D3E1}.Release|Any CPU.ActiveCfg = Release|Any CPU
		{264ABBA0-6903-478A-8A65-DACF8ED3D3E1}.Release|Any CPU.Build.0 = Release|Any CPU
		{264ABBA0-6903-478A-8A65-DACF8ED3D3E1}.Release|Mixed Platforms.ActiveCfg = Release|Any CPU
		{264ABBA0-6903-478A-8A65-DACF8ED3D3E1}.Release|Mixed Platforms.Build.0 = Release|Any CPU
		{264ABBA0-6903-478A-8A65-DACF8ED3D3E1}.Release|x86.ActiveCfg = Release|Any CPU
		{264ABBA0-6903-478A-8A65-DACF8ED3D3E1}.SingleImage|Any CPU.ActiveCfg = Release|Any CPU
		{264ABBA0-6903-478A-8A65-DACF8ED3D3E1}.SingleImage|Any CPU.Build.0 = Release|Any CPU
		{264ABBA0-6903-478A-8A65-DACF8ED3D3E1}.SingleImage|Mixed Platforms.ActiveCfg = Release|Any CPU
		{264ABBA0-6903-478A-8A65-DACF8ED3D3E1}.SingleImage|Mixed Platforms.Build.0 = Release|Any CPU
		{264ABBA0-6903-478A-8A65-DACF8ED3D3E1}.SingleImage|x86.ActiveCfg = Release|Any CPU
		{264ABBA0-6903-478A-8A65-DACF8ED3D3E1}.SL30-Debug|Any CPU.ActiveCfg = Debug|Any CPU
		{264ABBA0-6903-478A-8A65-DACF8ED3D3E1}.SL30-Debug|Any CPU.Build.0 = Debug|Any CPU
		{264ABBA0-6903-478A-8A65-DACF8ED3D3E1}.SL30-Debug|Mixed Platforms.ActiveCfg = Debug|Any CPU
		{264ABBA0-6903-478A-8A65-DACF8ED3D3E1}.SL30-Debug|Mixed Platforms.Build.0 = Debug|Any CPU
		{264ABBA0-6903-478A-8A65-DACF8ED3D3E1}.SL30-Debug|x86.ActiveCfg = Debug|Any CPU
		{264ABBA0-6903-478A-8A65-DACF8ED3D3E1}.SL30-Release|Any CPU.ActiveCfg = Release|Any CPU
		{264ABBA0-6903-478A-8A65-DACF8ED3D3E1}.SL30-Release|Any CPU.Build.0 = Release|Any CPU
		{264ABBA0-6903-478A-8A65-DACF8ED3D3E1}.SL30-Release|Mixed Platforms.ActiveCfg = Release|Any CPU
		{264ABBA0-6903-478A-8A65-DACF8ED3D3E1}.SL30-Release|Mixed Platforms.Build.0 = Release|Any CPU
		{264ABBA0-6903-478A-8A65-DACF8ED3D3E1}.SL30-Release|x86.ActiveCfg = Release|Any CPU
		{264ABBA0-6903-478A-8A65-DACF8ED3D3E1}.SL40-Debug|Any CPU.ActiveCfg = Debug|Any CPU
		{264ABBA0-6903-478A-8A65-DACF8ED3D3E1}.SL40-Debug|Any CPU.Build.0 = Debug|Any CPU
		{264ABBA0-6903-478A-8A65-DACF8ED3D3E1}.SL40-Debug|Mixed Platforms.ActiveCfg = Debug|Any CPU
		{264ABBA0-6903-478A-8A65-DACF8ED3D3E1}.SL40-Debug|Mixed Platforms.Build.0 = Debug|Any CPU
		{264ABBA0-6903-478A-8A65-DACF8ED3D3E1}.SL40-Debug|x86.ActiveCfg = Debug|Any CPU
		{264ABBA0-6903-478A-8A65-DACF8ED3D3E1}.SL40-Release|Any CPU.ActiveCfg = Release|Any CPU
		{264ABBA0-6903-478A-8A65-DACF8ED3D3E1}.SL40-Release|Any CPU.Build.0 = Release|Any CPU
		{264ABBA0-6903-478A-8A65-DACF8ED3D3E1}.SL40-Release|Mixed Platforms.ActiveCfg = Release|Any CPU
		{264ABBA0-6903-478A-8A65-DACF8ED3D3E1}.SL40-Release|Mixed Platforms.Build.0 = Release|Any CPU
		{264ABBA0-6903-478A-8A65-DACF8ED3D3E1}.SL40-Release|x86.ActiveCfg = Release|Any CPU
		{BB06DFF7-4F41-4B9D-A3C3-3B6D2B8702B6}.CD_ROM|Any CPU.ActiveCfg = Release|x86
		{BB06DFF7-4F41-4B9D-A3C3-3B6D2B8702B6}.CD_ROM|Mixed Platforms.ActiveCfg = Release|x86
		{BB06DFF7-4F41-4B9D-A3C3-3B6D2B8702B6}.CD_ROM|Mixed Platforms.Build.0 = Release|x86
		{BB06DFF7-4F41-4B9D-A3C3-3B6D2B8702B6}.CD_ROM|x86.ActiveCfg = Release|x86
		{BB06DFF7-4F41-4B9D-A3C3-3B6D2B8702B6}.CD_ROM|x86.Build.0 = Release|x86
		{BB06DFF7-4F41-4B9D-A3C3-3B6D2B8702B6}.Debug|Any CPU.ActiveCfg = Debug|x86
		{BB06DFF7-4F41-4B9D-A3C3-3B6D2B8702B6}.Debug|Mixed Platforms.ActiveCfg = Debug|x86
		{BB06DFF7-4F41-4B9D-A3C3-3B6D2B8702B6}.Debug|Mixed Platforms.Build.0 = Debug|x86
		{BB06DFF7-4F41-4B9D-A3C3-3B6D2B8702B6}.Debug|x86.ActiveCfg = Debug|x86
		{BB06DFF7-4F41-4B9D-A3C3-3B6D2B8702B6}.Debug|x86.Build.0 = Debug|x86
		{BB06DFF7-4F41-4B9D-A3C3-3B6D2B8702B6}.DVD-5|Any CPU.ActiveCfg = Debug|x86
		{BB06DFF7-4F41-4B9D-A3C3-3B6D2B8702B6}.DVD-5|Mixed Platforms.ActiveCfg = Debug|x86
		{BB06DFF7-4F41-4B9D-A3C3-3B6D2B8702B6}.DVD-5|Mixed Platforms.Build.0 = Debug|x86
		{BB06DFF7-4F41-4B9D-A3C3-3B6D2B8702B6}.DVD-5|x86.ActiveCfg = Debug|x86
		{BB06DFF7-4F41-4B9D-A3C3-3B6D2B8702B6}.DVD-5|x86.Build.0 = Debug|x86
		{BB06DFF7-4F41-4B9D-A3C3-3B6D2B8702B6}.MONO26-Debug|Any CPU.ActiveCfg = Debug|x86
		{BB06DFF7-4F41-4B9D-A3C3-3B6D2B8702B6}.MONO26-Debug|Mixed Platforms.ActiveCfg = Debug|x86
		{BB06DFF7-4F41-4B9D-A3C3-3B6D2B8702B6}.MONO26-Debug|Mixed Platforms.Build.0 = Debug|x86
		{BB06DFF7-4F41-4B9D-A3C3-3B6D2B8702B6}.MONO26-Debug|x86.ActiveCfg = Debug|x86
		{BB06DFF7-4F41-4B9D-A3C3-3B6D2B8702B6}.MONO26-Debug|x86.Build.0 = Debug|x86
		{BB06DFF7-4F41-4B9D-A3C3-3B6D2B8702B6}.MONO26-Release|Any CPU.ActiveCfg = Release|x86
		{BB06DFF7-4F41-4B9D-A3C3-3B6D2B8702B6}.MONO26-Release|Mixed Platforms.ActiveCfg = Release|x86
		{BB06DFF7-4F41-4B9D-A3C3-3B6D2B8702B6}.MONO26-Release|Mixed Platforms.Build.0 = Release|x86
		{BB06DFF7-4F41-4B9D-A3C3-3B6D2B8702B6}.MONO26-Release|x86.ActiveCfg = Release|x86
		{BB06DFF7-4F41-4B9D-A3C3-3B6D2B8702B6}.MONO26-Release|x86.Build.0 = Release|x86
		{BB06DFF7-4F41-4B9D-A3C3-3B6D2B8702B6}.MONO28-Debug|Any CPU.ActiveCfg = Debug|x86
		{BB06DFF7-4F41-4B9D-A3C3-3B6D2B8702B6}.MONO28-Debug|Mixed Platforms.ActiveCfg = Debug|x86
		{BB06DFF7-4F41-4B9D-A3C3-3B6D2B8702B6}.MONO28-Debug|Mixed Platforms.Build.0 = Debug|x86
		{BB06DFF7-4F41-4B9D-A3C3-3B6D2B8702B6}.MONO28-Debug|x86.ActiveCfg = Debug|x86
		{BB06DFF7-4F41-4B9D-A3C3-3B6D2B8702B6}.MONO28-Debug|x86.Build.0 = Debug|x86
		{BB06DFF7-4F41-4B9D-A3C3-3B6D2B8702B6}.MONO28-Release|Any CPU.ActiveCfg = Release|x86
		{BB06DFF7-4F41-4B9D-A3C3-3B6D2B8702B6}.MONO28-Release|Mixed Platforms.ActiveCfg = Release|x86
		{BB06DFF7-4F41-4B9D-A3C3-3B6D2B8702B6}.MONO28-Release|Mixed Platforms.Build.0 = Release|x86
		{BB06DFF7-4F41-4B9D-A3C3-3B6D2B8702B6}.MONO28-Release|x86.ActiveCfg = Release|x86
		{BB06DFF7-4F41-4B9D-A3C3-3B6D2B8702B6}.MONO28-Release|x86.Build.0 = Release|x86
		{BB06DFF7-4F41-4B9D-A3C3-3B6D2B8702B6}.NET35-Debug|Any CPU.ActiveCfg = Debug|x86
		{BB06DFF7-4F41-4B9D-A3C3-3B6D2B8702B6}.NET35-Debug|Mixed Platforms.ActiveCfg = Debug|x86
		{BB06DFF7-4F41-4B9D-A3C3-3B6D2B8702B6}.NET35-Debug|Mixed Platforms.Build.0 = Debug|x86
		{BB06DFF7-4F41-4B9D-A3C3-3B6D2B8702B6}.NET35-Debug|x86.ActiveCfg = Debug|x86
		{BB06DFF7-4F41-4B9D-A3C3-3B6D2B8702B6}.NET35-Debug|x86.Build.0 = Debug|x86
		{BB06DFF7-4F41-4B9D-A3C3-3B6D2B8702B6}.NET35-Release|Any CPU.ActiveCfg = Release|x86
		{BB06DFF7-4F41-4B9D-A3C3-3B6D2B8702B6}.NET35-Release|Mixed Platforms.ActiveCfg = Release|x86
		{BB06DFF7-4F41-4B9D-A3C3-3B6D2B8702B6}.NET35-Release|Mixed Platforms.Build.0 = Release|x86
		{BB06DFF7-4F41-4B9D-A3C3-3B6D2B8702B6}.NET35-Release|x86.ActiveCfg = Release|x86
		{BB06DFF7-4F41-4B9D-A3C3-3B6D2B8702B6}.NET35-Release|x86.Build.0 = Release|x86
		{BB06DFF7-4F41-4B9D-A3C3-3B6D2B8702B6}.NET40-Debug|Any CPU.ActiveCfg = Debug|x86
		{BB06DFF7-4F41-4B9D-A3C3-3B6D2B8702B6}.NET40-Debug|Mixed Platforms.ActiveCfg = Debug|x86
		{BB06DFF7-4F41-4B9D-A3C3-3B6D2B8702B6}.NET40-Debug|Mixed Platforms.Build.0 = Debug|x86
		{BB06DFF7-4F41-4B9D-A3C3-3B6D2B8702B6}.NET40-Debug|x86.ActiveCfg = Debug|x86
		{BB06DFF7-4F41-4B9D-A3C3-3B6D2B8702B6}.NET40-Debug|x86.Build.0 = Debug|x86
		{BB06DFF7-4F41-4B9D-A3C3-3B6D2B8702B6}.NET40-Release|Any CPU.ActiveCfg = Release|x86
		{BB06DFF7-4F41-4B9D-A3C3-3B6D2B8702B6}.NET40-Release|Mixed Platforms.ActiveCfg = Release|x86
		{BB06DFF7-4F41-4B9D-A3C3-3B6D2B8702B6}.NET40-Release|Mixed Platforms.Build.0 = Release|x86
		{BB06DFF7-4F41-4B9D-A3C3-3B6D2B8702B6}.NET40-Release|x86.ActiveCfg = Release|x86
		{BB06DFF7-4F41-4B9D-A3C3-3B6D2B8702B6}.NET40-Release|x86.Build.0 = Release|x86
		{BB06DFF7-4F41-4B9D-A3C3-3B6D2B8702B6}.Release|Any CPU.ActiveCfg = Release|x86
		{BB06DFF7-4F41-4B9D-A3C3-3B6D2B8702B6}.Release|Mixed Platforms.ActiveCfg = Release|x86
		{BB06DFF7-4F41-4B9D-A3C3-3B6D2B8702B6}.Release|Mixed Platforms.Build.0 = Release|x86
		{BB06DFF7-4F41-4B9D-A3C3-3B6D2B8702B6}.Release|x86.ActiveCfg = Release|x86
		{BB06DFF7-4F41-4B9D-A3C3-3B6D2B8702B6}.Release|x86.Build.0 = Release|x86
		{BB06DFF7-4F41-4B9D-A3C3-3B6D2B8702B6}.SingleImage|Any CPU.ActiveCfg = Release|x86
		{BB06DFF7-4F41-4B9D-A3C3-3B6D2B8702B6}.SingleImage|Mixed Platforms.ActiveCfg = Release|x86
		{BB06DFF7-4F41-4B9D-A3C3-3B6D2B8702B6}.SingleImage|Mixed Platforms.Build.0 = Release|x86
		{BB06DFF7-4F41-4B9D-A3C3-3B6D2B8702B6}.SingleImage|x86.ActiveCfg = Release|x86
		{BB06DFF7-4F41-4B9D-A3C3-3B6D2B8702B6}.SingleImage|x86.Build.0 = Release|x86
		{BB06DFF7-4F41-4B9D-A3C3-3B6D2B8702B6}.SL30-Debug|Any CPU.ActiveCfg = Debug|x86
		{BB06DFF7-4F41-4B9D-A3C3-3B6D2B8702B6}.SL30-Debug|Mixed Platforms.ActiveCfg = Debug|x86
		{BB06DFF7-4F41-4B9D-A3C3-3B6D2B8702B6}.SL30-Debug|Mixed Platforms.Build.0 = Debug|x86
		{BB06DFF7-4F41-4B9D-A3C3-3B6D2B8702B6}.SL30-Debug|x86.ActiveCfg = Debug|x86
		{BB06DFF7-4F41-4B9D-A3C3-3B6D2B8702B6}.SL30-Debug|x86.Build.0 = Debug|x86
		{BB06DFF7-4F41-4B9D-A3C3-3B6D2B8702B6}.SL30-Release|Any CPU.ActiveCfg = Release|x86
		{BB06DFF7-4F41-4B9D-A3C3-3B6D2B8702B6}.SL30-Release|Mixed Platforms.ActiveCfg = Release|x86
		{BB06DFF7-4F41-4B9D-A3C3-3B6D2B8702B6}.SL30-Release|Mixed Platforms.Build.0 = Release|x86
		{BB06DFF7-4F41-4B9D-A3C3-3B6D2B8702B6}.SL30-Release|x86.ActiveCfg = Release|x86
		{BB06DFF7-4F41-4B9D-A3C3-3B6D2B8702B6}.SL30-Release|x86.Build.0 = Release|x86
		{BB06DFF7-4F41-4B9D-A3C3-3B6D2B8702B6}.SL40-Debug|Any CPU.ActiveCfg = Debug|x86
		{BB06DFF7-4F41-4B9D-A3C3-3B6D2B8702B6}.SL40-Debug|Mixed Platforms.ActiveCfg = Debug|x86
		{BB06DFF7-4F41-4B9D-A3C3-3B6D2B8702B6}.SL40-Debug|Mixed Platforms.Build.0 = Debug|x86
		{BB06DFF7-4F41-4B9D-A3C3-3B6D2B8702B6}.SL40-Debug|x86.ActiveCfg = Debug|x86
		{BB06DFF7-4F41-4B9D-A3C3-3B6D2B8702B6}.SL40-Debug|x86.Build.0 = Debug|x86
		{BB06DFF7-4F41-4B9D-A3C3-3B6D2B8702B6}.SL40-Release|Any CPU.ActiveCfg = Release|x86
		{BB06DFF7-4F41-4B9D-A3C3-3B6D2B8702B6}.SL40-Release|Mixed Platforms.ActiveCfg = Release|x86
		{BB06DFF7-4F41-4B9D-A3C3-3B6D2B8702B6}.SL40-Release|Mixed Platforms.Build.0 = Release|x86
		{BB06DFF7-4F41-4B9D-A3C3-3B6D2B8702B6}.SL40-Release|x86.ActiveCfg = Release|x86
		{BB06DFF7-4F41-4B9D-A3C3-3B6D2B8702B6}.SL40-Release|x86.Build.0 = Release|x86
		{6757603C-3613-4CD6-86CC-5A25CF023CFA}.CD_ROM|Any CPU.ActiveCfg = Release|Any CPU
		{6757603C-3613-4CD6-86CC-5A25CF023CFA}.CD_ROM|Any CPU.Build.0 = Release|Any CPU
		{6757603C-3613-4CD6-86CC-5A25CF023CFA}.CD_ROM|Mixed Platforms.ActiveCfg = Release|Any CPU
		{6757603C-3613-4CD6-86CC-5A25CF023CFA}.CD_ROM|Mixed Platforms.Build.0 = Release|Any CPU
		{6757603C-3613-4CD6-86CC-5A25CF023CFA}.CD_ROM|x86.ActiveCfg = Release|Any CPU
		{6757603C-3613-4CD6-86CC-5A25CF023CFA}.Debug|Any CPU.ActiveCfg = Debug|Any CPU
		{6757603C-3613-4CD6-86CC-5A25CF023CFA}.Debug|Any CPU.Build.0 = Debug|Any CPU
		{6757603C-3613-4CD6-86CC-5A25CF023CFA}.Debug|Mixed Platforms.ActiveCfg = Debug|Any CPU
		{6757603C-3613-4CD6-86CC-5A25CF023CFA}.Debug|Mixed Platforms.Build.0 = Debug|Any CPU
		{6757603C-3613-4CD6-86CC-5A25CF023CFA}.Debug|x86.ActiveCfg = Debug|Any CPU
		{6757603C-3613-4CD6-86CC-5A25CF023CFA}.DVD-5|Any CPU.ActiveCfg = Debug|Any CPU
		{6757603C-3613-4CD6-86CC-5A25CF023CFA}.DVD-5|Any CPU.Build.0 = Debug|Any CPU
		{6757603C-3613-4CD6-86CC-5A25CF023CFA}.DVD-5|Mixed Platforms.ActiveCfg = Debug|Any CPU
		{6757603C-3613-4CD6-86CC-5A25CF023CFA}.DVD-5|Mixed Platforms.Build.0 = Debug|Any CPU
		{6757603C-3613-4CD6-86CC-5A25CF023CFA}.DVD-5|x86.ActiveCfg = Debug|Any CPU
		{6757603C-3613-4CD6-86CC-5A25CF023CFA}.MONO26-Debug|Any CPU.ActiveCfg = Debug|Any CPU
		{6757603C-3613-4CD6-86CC-5A25CF023CFA}.MONO26-Debug|Any CPU.Build.0 = Debug|Any CPU
		{6757603C-3613-4CD6-86CC-5A25CF023CFA}.MONO26-Debug|Mixed Platforms.ActiveCfg = Debug|Any CPU
		{6757603C-3613-4CD6-86CC-5A25CF023CFA}.MONO26-Debug|Mixed Platforms.Build.0 = Debug|Any CPU
		{6757603C-3613-4CD6-86CC-5A25CF023CFA}.MONO26-Debug|x86.ActiveCfg = Debug|Any CPU
		{6757603C-3613-4CD6-86CC-5A25CF023CFA}.MONO26-Release|Any CPU.ActiveCfg = Release|Any CPU
		{6757603C-3613-4CD6-86CC-5A25CF023CFA}.MONO26-Release|Any CPU.Build.0 = Release|Any CPU
		{6757603C-3613-4CD6-86CC-5A25CF023CFA}.MONO26-Release|Mixed Platforms.ActiveCfg = Release|Any CPU
		{6757603C-3613-4CD6-86CC-5A25CF023CFA}.MONO26-Release|Mixed Platforms.Build.0 = Release|Any CPU
		{6757603C-3613-4CD6-86CC-5A25CF023CFA}.MONO26-Release|x86.ActiveCfg = Release|Any CPU
		{6757603C-3613-4CD6-86CC-5A25CF023CFA}.MONO28-Debug|Any CPU.ActiveCfg = Debug|Any CPU
		{6757603C-3613-4CD6-86CC-5A25CF023CFA}.MONO28-Debug|Any CPU.Build.0 = Debug|Any CPU
		{6757603C-3613-4CD6-86CC-5A25CF023CFA}.MONO28-Debug|Mixed Platforms.ActiveCfg = Debug|Any CPU
		{6757603C-3613-4CD6-86CC-5A25CF023CFA}.MONO28-Debug|Mixed Platforms.Build.0 = Debug|Any CPU
		{6757603C-3613-4CD6-86CC-5A25CF023CFA}.MONO28-Debug|x86.ActiveCfg = Debug|Any CPU
		{6757603C-3613-4CD6-86CC-5A25CF023CFA}.MONO28-Release|Any CPU.ActiveCfg = Release|Any CPU
		{6757603C-3613-4CD6-86CC-5A25CF023CFA}.MONO28-Release|Any CPU.Build.0 = Release|Any CPU
		{6757603C-3613-4CD6-86CC-5A25CF023CFA}.MONO28-Release|Mixed Platforms.ActiveCfg = Release|Any CPU
		{6757603C-3613-4CD6-86CC-5A25CF023CFA}.MONO28-Release|Mixed Platforms.Build.0 = Release|Any CPU
		{6757603C-3613-4CD6-86CC-5A25CF023CFA}.MONO28-Release|x86.ActiveCfg = Release|Any CPU
		{6757603C-3613-4CD6-86CC-5A25CF023CFA}.NET35-Debug|Any CPU.ActiveCfg = Debug|Any CPU
		{6757603C-3613-4CD6-86CC-5A25CF023CFA}.NET35-Debug|Any CPU.Build.0 = Debug|Any CPU
		{6757603C-3613-4CD6-86CC-5A25CF023CFA}.NET35-Debug|Mixed Platforms.ActiveCfg = Debug|Any CPU
		{6757603C-3613-4CD6-86CC-5A25CF023CFA}.NET35-Debug|Mixed Platforms.Build.0 = Debug|Any CPU
		{6757603C-3613-4CD6-86CC-5A25CF023CFA}.NET35-Debug|x86.ActiveCfg = Debug|Any CPU
		{6757603C-3613-4CD6-86CC-5A25CF023CFA}.NET35-Release|Any CPU.ActiveCfg = Release|Any CPU
		{6757603C-3613-4CD6-86CC-5A25CF023CFA}.NET35-Release|Any CPU.Build.0 = Release|Any CPU
		{6757603C-3613-4CD6-86CC-5A25CF023CFA}.NET35-Release|Mixed Platforms.ActiveCfg = Release|Any CPU
		{6757603C-3613-4CD6-86CC-5A25CF023CFA}.NET35-Release|Mixed Platforms.Build.0 = Release|Any CPU
		{6757603C-3613-4CD6-86CC-5A25CF023CFA}.NET35-Release|x86.ActiveCfg = Release|Any CPU
		{6757603C-3613-4CD6-86CC-5A25CF023CFA}.NET40-Debug|Any CPU.ActiveCfg = Debug|Any CPU
		{6757603C-3613-4CD6-86CC-5A25CF023CFA}.NET40-Debug|Any CPU.Build.0 = Debug|Any CPU
		{6757603C-3613-4CD6-86CC-5A25CF023CFA}.NET40-Debug|Mixed Platforms.ActiveCfg = Debug|Any CPU
		{6757603C-3613-4CD6-86CC-5A25CF023CFA}.NET40-Debug|Mixed Platforms.Build.0 = Debug|Any CPU
		{6757603C-3613-4CD6-86CC-5A25CF023CFA}.NET40-Debug|x86.ActiveCfg = Debug|Any CPU
		{6757603C-3613-4CD6-86CC-5A25CF023CFA}.NET40-Release|Any CPU.ActiveCfg = Release|Any CPU
		{6757603C-3613-4CD6-86CC-5A25CF023CFA}.NET40-Release|Any CPU.Build.0 = Release|Any CPU
		{6757603C-3613-4CD6-86CC-5A25CF023CFA}.NET40-Release|Mixed Platforms.ActiveCfg = Release|Any CPU
		{6757603C-3613-4CD6-86CC-5A25CF023CFA}.NET40-Release|Mixed Platforms.Build.0 = Release|Any CPU
		{6757603C-3613-4CD6-86CC-5A25CF023CFA}.NET40-Release|x86.ActiveCfg = Release|Any CPU
		{6757603C-3613-4CD6-86CC-5A25CF023CFA}.Release|Any CPU.ActiveCfg = Release|Any CPU
		{6757603C-3613-4CD6-86CC-5A25CF023CFA}.Release|Any CPU.Build.0 = Release|Any CPU
		{6757603C-3613-4CD6-86CC-5A25CF023CFA}.Release|Mixed Platforms.ActiveCfg = Release|Any CPU
		{6757603C-3613-4CD6-86CC-5A25CF023CFA}.Release|Mixed Platforms.Build.0 = Release|Any CPU
		{6757603C-3613-4CD6-86CC-5A25CF023CFA}.Release|x86.ActiveCfg = Release|Any CPU
		{6757603C-3613-4CD6-86CC-5A25CF023CFA}.SingleImage|Any CPU.ActiveCfg = Release|Any CPU
		{6757603C-3613-4CD6-86CC-5A25CF023CFA}.SingleImage|Any CPU.Build.0 = Release|Any CPU
		{6757603C-3613-4CD6-86CC-5A25CF023CFA}.SingleImage|Mixed Platforms.ActiveCfg = Release|Any CPU
		{6757603C-3613-4CD6-86CC-5A25CF023CFA}.SingleImage|Mixed Platforms.Build.0 = Release|Any CPU
		{6757603C-3613-4CD6-86CC-5A25CF023CFA}.SingleImage|x86.ActiveCfg = Release|Any CPU
		{6757603C-3613-4CD6-86CC-5A25CF023CFA}.SL30-Debug|Any CPU.ActiveCfg = Debug|Any CPU
		{6757603C-3613-4CD6-86CC-5A25CF023CFA}.SL30-Debug|Any CPU.Build.0 = Debug|Any CPU
		{6757603C-3613-4CD6-86CC-5A25CF023CFA}.SL30-Debug|Mixed Platforms.ActiveCfg = Debug|Any CPU
		{6757603C-3613-4CD6-86CC-5A25CF023CFA}.SL30-Debug|Mixed Platforms.Build.0 = Debug|Any CPU
		{6757603C-3613-4CD6-86CC-5A25CF023CFA}.SL30-Debug|x86.ActiveCfg = Debug|Any CPU
		{6757603C-3613-4CD6-86CC-5A25CF023CFA}.SL30-Release|Any CPU.ActiveCfg = Release|Any CPU
		{6757603C-3613-4CD6-86CC-5A25CF023CFA}.SL30-Release|Any CPU.Build.0 = Release|Any CPU
		{6757603C-3613-4CD6-86CC-5A25CF023CFA}.SL30-Release|Mixed Platforms.ActiveCfg = Release|Any CPU
		{6757603C-3613-4CD6-86CC-5A25CF023CFA}.SL30-Release|Mixed Platforms.Build.0 = Release|Any CPU
		{6757603C-3613-4CD6-86CC-5A25CF023CFA}.SL30-Release|x86.ActiveCfg = Release|Any CPU
		{6757603C-3613-4CD6-86CC-5A25CF023CFA}.SL40-Debug|Any CPU.ActiveCfg = Debug|Any CPU
		{6757603C-3613-4CD6-86CC-5A25CF023CFA}.SL40-Debug|Any CPU.Build.0 = Debug|Any CPU
		{6757603C-3613-4CD6-86CC-5A25CF023CFA}.SL40-Debug|Mixed Platforms.ActiveCfg = Debug|Any CPU
		{6757603C-3613-4CD6-86CC-5A25CF023CFA}.SL40-Debug|Mixed Platforms.Build.0 = Debug|Any CPU
		{6757603C-3613-4CD6-86CC-5A25CF023CFA}.SL40-Debug|x86.ActiveCfg = Debug|Any CPU
		{6757603C-3613-4CD6-86CC-5A25CF023CFA}.SL40-Release|Any CPU.ActiveCfg = Release|Any CPU
		{6757603C-3613-4CD6-86CC-5A25CF023CFA}.SL40-Release|Any CPU.Build.0 = Release|Any CPU
		{6757603C-3613-4CD6-86CC-5A25CF023CFA}.SL40-Release|Mixed Platforms.ActiveCfg = Release|Any CPU
		{6757603C-3613-4CD6-86CC-5A25CF023CFA}.SL40-Release|Mixed Platforms.Build.0 = Release|Any CPU
		{6757603C-3613-4CD6-86CC-5A25CF023CFA}.SL40-Release|x86.ActiveCfg = Release|Any CPU
		{0D5221ED-2D33-41E5-BF10-12FF07C39256}.CD_ROM|Any CPU.ActiveCfg = Release|Any CPU
		{0D5221ED-2D33-41E5-BF10-12FF07C39256}.CD_ROM|Any CPU.Build.0 = Release|Any CPU
		{0D5221ED-2D33-41E5-BF10-12FF07C39256}.CD_ROM|Mixed Platforms.ActiveCfg = Release|Any CPU
		{0D5221ED-2D33-41E5-BF10-12FF07C39256}.CD_ROM|Mixed Platforms.Build.0 = Release|Any CPU
		{0D5221ED-2D33-41E5-BF10-12FF07C39256}.CD_ROM|x86.ActiveCfg = Release|Any CPU
		{0D5221ED-2D33-41E5-BF10-12FF07C39256}.Debug|Any CPU.ActiveCfg = Debug|Any CPU
		{0D5221ED-2D33-41E5-BF10-12FF07C39256}.Debug|Any CPU.Build.0 = Debug|Any CPU
		{0D5221ED-2D33-41E5-BF10-12FF07C39256}.Debug|Mixed Platforms.ActiveCfg = Debug|Any CPU
		{0D5221ED-2D33-41E5-BF10-12FF07C39256}.Debug|Mixed Platforms.Build.0 = Debug|Any CPU
		{0D5221ED-2D33-41E5-BF10-12FF07C39256}.Debug|x86.ActiveCfg = Debug|Any CPU
		{0D5221ED-2D33-41E5-BF10-12FF07C39256}.DVD-5|Any CPU.ActiveCfg = Debug|Any CPU
		{0D5221ED-2D33-41E5-BF10-12FF07C39256}.DVD-5|Any CPU.Build.0 = Debug|Any CPU
		{0D5221ED-2D33-41E5-BF10-12FF07C39256}.DVD-5|Mixed Platforms.ActiveCfg = Debug|Any CPU
		{0D5221ED-2D33-41E5-BF10-12FF07C39256}.DVD-5|Mixed Platforms.Build.0 = Debug|Any CPU
		{0D5221ED-2D33-41E5-BF10-12FF07C39256}.DVD-5|x86.ActiveCfg = Debug|Any CPU
		{0D5221ED-2D33-41E5-BF10-12FF07C39256}.MONO26-Debug|Any CPU.ActiveCfg = Debug|Any CPU
		{0D5221ED-2D33-41E5-BF10-12FF07C39256}.MONO26-Debug|Any CPU.Build.0 = Debug|Any CPU
		{0D5221ED-2D33-41E5-BF10-12FF07C39256}.MONO26-Debug|Mixed Platforms.ActiveCfg = Debug|Any CPU
		{0D5221ED-2D33-41E5-BF10-12FF07C39256}.MONO26-Debug|Mixed Platforms.Build.0 = Debug|Any CPU
		{0D5221ED-2D33-41E5-BF10-12FF07C39256}.MONO26-Debug|x86.ActiveCfg = Debug|Any CPU
		{0D5221ED-2D33-41E5-BF10-12FF07C39256}.MONO26-Release|Any CPU.ActiveCfg = Release|Any CPU
		{0D5221ED-2D33-41E5-BF10-12FF07C39256}.MONO26-Release|Any CPU.Build.0 = Release|Any CPU
		{0D5221ED-2D33-41E5-BF10-12FF07C39256}.MONO26-Release|Mixed Platforms.ActiveCfg = Release|Any CPU
		{0D5221ED-2D33-41E5-BF10-12FF07C39256}.MONO26-Release|Mixed Platforms.Build.0 = Release|Any CPU
		{0D5221ED-2D33-41E5-BF10-12FF07C39256}.MONO26-Release|x86.ActiveCfg = Release|Any CPU
		{0D5221ED-2D33-41E5-BF10-12FF07C39256}.MONO28-Debug|Any CPU.ActiveCfg = Debug|Any CPU
		{0D5221ED-2D33-41E5-BF10-12FF07C39256}.MONO28-Debug|Any CPU.Build.0 = Debug|Any CPU
		{0D5221ED-2D33-41E5-BF10-12FF07C39256}.MONO28-Debug|Mixed Platforms.ActiveCfg = Debug|Any CPU
		{0D5221ED-2D33-41E5-BF10-12FF07C39256}.MONO28-Debug|Mixed Platforms.Build.0 = Debug|Any CPU
		{0D5221ED-2D33-41E5-BF10-12FF07C39256}.MONO28-Debug|x86.ActiveCfg = Debug|Any CPU
		{0D5221ED-2D33-41E5-BF10-12FF07C39256}.MONO28-Release|Any CPU.ActiveCfg = Release|Any CPU
		{0D5221ED-2D33-41E5-BF10-12FF07C39256}.MONO28-Release|Any CPU.Build.0 = Release|Any CPU
		{0D5221ED-2D33-41E5-BF10-12FF07C39256}.MONO28-Release|Mixed Platforms.ActiveCfg = Release|Any CPU
		{0D5221ED-2D33-41E5-BF10-12FF07C39256}.MONO28-Release|Mixed Platforms.Build.0 = Release|Any CPU
		{0D5221ED-2D33-41E5-BF10-12FF07C39256}.MONO28-Release|x86.ActiveCfg = Release|Any CPU
		{0D5221ED-2D33-41E5-BF10-12FF07C39256}.NET35-Debug|Any CPU.ActiveCfg = Debug|Any CPU
		{0D5221ED-2D33-41E5-BF10-12FF07C39256}.NET35-Debug|Any CPU.Build.0 = Debug|Any CPU
		{0D5221ED-2D33-41E5-BF10-12FF07C39256}.NET35-Debug|Mixed Platforms.ActiveCfg = Debug|Any CPU
		{0D5221ED-2D33-41E5-BF10-12FF07C39256}.NET35-Debug|Mixed Platforms.Build.0 = Debug|Any CPU
		{0D5221ED-2D33-41E5-BF10-12FF07C39256}.NET35-Debug|x86.ActiveCfg = Debug|Any CPU
		{0D5221ED-2D33-41E5-BF10-12FF07C39256}.NET35-Release|Any CPU.ActiveCfg = Release|Any CPU
		{0D5221ED-2D33-41E5-BF10-12FF07C39256}.NET35-Release|Any CPU.Build.0 = Release|Any CPU
		{0D5221ED-2D33-41E5-BF10-12FF07C39256}.NET35-Release|Mixed Platforms.ActiveCfg = Release|Any CPU
		{0D5221ED-2D33-41E5-BF10-12FF07C39256}.NET35-Release|Mixed Platforms.Build.0 = Release|Any CPU
		{0D5221ED-2D33-41E5-BF10-12FF07C39256}.NET35-Release|x86.ActiveCfg = Release|Any CPU
		{0D5221ED-2D33-41E5-BF10-12FF07C39256}.NET40-Debug|Any CPU.ActiveCfg = Debug|Any CPU
		{0D5221ED-2D33-41E5-BF10-12FF07C39256}.NET40-Debug|Any CPU.Build.0 = Debug|Any CPU
		{0D5221ED-2D33-41E5-BF10-12FF07C39256}.NET40-Debug|Mixed Platforms.ActiveCfg = Debug|Any CPU
		{0D5221ED-2D33-41E5-BF10-12FF07C39256}.NET40-Debug|Mixed Platforms.Build.0 = Debug|Any CPU
		{0D5221ED-2D33-41E5-BF10-12FF07C39256}.NET40-Debug|x86.ActiveCfg = Debug|Any CPU
		{0D5221ED-2D33-41E5-BF10-12FF07C39256}.NET40-Release|Any CPU.ActiveCfg = Release|Any CPU
		{0D5221ED-2D33-41E5-BF10-12FF07C39256}.NET40-Release|Any CPU.Build.0 = Release|Any CPU
		{0D5221ED-2D33-41E5-BF10-12FF07C39256}.NET40-Release|Mixed Platforms.ActiveCfg = Release|Any CPU
		{0D5221ED-2D33-41E5-BF10-12FF07C39256}.NET40-Release|Mixed Platforms.Build.0 = Release|Any CPU
		{0D5221ED-2D33-41E5-BF10-12FF07C39256}.NET40-Release|x86.ActiveCfg = Release|Any CPU
		{0D5221ED-2D33-41E5-BF10-12FF07C39256}.Release|Any CPU.ActiveCfg = Release|Any CPU
		{0D5221ED-2D33-41E5-BF10-12FF07C39256}.Release|Any CPU.Build.0 = Release|Any CPU
		{0D5221ED-2D33-41E5-BF10-12FF07C39256}.Release|Mixed Platforms.ActiveCfg = Release|Any CPU
		{0D5221ED-2D33-41E5-BF10-12FF07C39256}.Release|Mixed Platforms.Build.0 = Release|Any CPU
		{0D5221ED-2D33-41E5-BF10-12FF07C39256}.Release|x86.ActiveCfg = Release|Any CPU
		{0D5221ED-2D33-41E5-BF10-12FF07C39256}.SingleImage|Any CPU.ActiveCfg = Release|Any CPU
		{0D5221ED-2D33-41E5-BF10-12FF07C39256}.SingleImage|Any CPU.Build.0 = Release|Any CPU
		{0D5221ED-2D33-41E5-BF10-12FF07C39256}.SingleImage|Mixed Platforms.ActiveCfg = Release|Any CPU
		{0D5221ED-2D33-41E5-BF10-12FF07C39256}.SingleImage|Mixed Platforms.Build.0 = Release|Any CPU
		{0D5221ED-2D33-41E5-BF10-12FF07C39256}.SingleImage|x86.ActiveCfg = Release|Any CPU
		{0D5221ED-2D33-41E5-BF10-12FF07C39256}.SL30-Debug|Any CPU.ActiveCfg = Debug|Any CPU
		{0D5221ED-2D33-41E5-BF10-12FF07C39256}.SL30-Debug|Any CPU.Build.0 = Debug|Any CPU
		{0D5221ED-2D33-41E5-BF10-12FF07C39256}.SL30-Debug|Mixed Platforms.ActiveCfg = Debug|Any CPU
		{0D5221ED-2D33-41E5-BF10-12FF07C39256}.SL30-Debug|Mixed Platforms.Build.0 = Debug|Any CPU
		{0D5221ED-2D33-41E5-BF10-12FF07C39256}.SL30-Debug|x86.ActiveCfg = Debug|Any CPU
		{0D5221ED-2D33-41E5-BF10-12FF07C39256}.SL30-Release|Any CPU.ActiveCfg = Release|Any CPU
		{0D5221ED-2D33-41E5-BF10-12FF07C39256}.SL30-Release|Any CPU.Build.0 = Release|Any CPU
		{0D5221ED-2D33-41E5-BF10-12FF07C39256}.SL30-Release|Mixed Platforms.ActiveCfg = Release|Any CPU
		{0D5221ED-2D33-41E5-BF10-12FF07C39256}.SL30-Release|Mixed Platforms.Build.0 = Release|Any CPU
		{0D5221ED-2D33-41E5-BF10-12FF07C39256}.SL30-Release|x86.ActiveCfg = Release|Any CPU
		{0D5221ED-2D33-41E5-BF10-12FF07C39256}.SL40-Debug|Any CPU.ActiveCfg = Debug|Any CPU
		{0D5221ED-2D33-41E5-BF10-12FF07C39256}.SL40-Debug|Any CPU.Build.0 = Debug|Any CPU
		{0D5221ED-2D33-41E5-BF10-12FF07C39256}.SL40-Debug|Mixed Platforms.ActiveCfg = Debug|Any CPU
		{0D5221ED-2D33-41E5-BF10-12FF07C39256}.SL40-Debug|Mixed Platforms.Build.0 = Debug|Any CPU
		{0D5221ED-2D33-41E5-BF10-12FF07C39256}.SL40-Debug|x86.ActiveCfg = Debug|Any CPU
		{0D5221ED-2D33-41E5-BF10-12FF07C39256}.SL40-Release|Any CPU.ActiveCfg = Release|Any CPU
		{0D5221ED-2D33-41E5-BF10-12FF07C39256}.SL40-Release|Any CPU.Build.0 = Release|Any CPU
		{0D5221ED-2D33-41E5-BF10-12FF07C39256}.SL40-Release|Mixed Platforms.ActiveCfg = Release|Any CPU
		{0D5221ED-2D33-41E5-BF10-12FF07C39256}.SL40-Release|Mixed Platforms.Build.0 = Release|Any CPU
		{0D5221ED-2D33-41E5-BF10-12FF07C39256}.SL40-Release|x86.ActiveCfg = Release|Any CPU
	EndGlobalSection
	GlobalSection(SolutionProperties) = preSolution
		HideSolutionNode = FALSE
	EndGlobalSection
	GlobalSection(TestCaseManagementSettings) = postSolution
		CategoryFile = MediaScribe.vsmdi
	EndGlobalSection
EndGlobal
