
Microsoft Visual Studio Solution File, Format Version 11.00
# Visual Studio 2010
Project("{FAE04EC0-301F-11D3-BF4B-00C04F79EFBC}") = "Notemaker", "Notemaker\Notemaker.csproj", "{1EB1F07A-CCF1-49E0-B369-CE038CAB98FC}"
EndProject
Project("{FAE04EC0-301F-11D3-BF4B-00C04F79EFBC}") = "LibMPlayerCommon", "LibMPlayerCommon\LibMPlayerCommon.csproj", "{5D3616D0-160D-4601-AB67-E1ED9111C676}"
EndProject
Project("{FAE04EC0-301F-11D3-BF4B-00C04F79EFBC}") = "Microsoft.Windows.Shell", "..\..\examples\shell integration library\Microsoft.Windows.Shell\Microsoft.Windows.Shell.csproj", "{55D5297C-F1DF-4B76-A3C1-D82CC294EEBB}"
EndProject
Project("{54435603-DBB4-11D2-8724-00A0C9A8B90C}") = "NotemakerSetup", "NotemakerSetup\NotemakerSetup.vdproj", "{7E101C97-B58B-4F55-B105-2BBB445C5B95}"
EndProject
Project("{FAE04EC0-301F-11D3-BF4B-00C04F79EFBC}") = "AvalonTextBox", "AvalonTextBox\AvalonTextBox.csproj", "{CA7E4D71-3858-48F2-AF68-7E6DA88F79C9}"
EndProject
Global
	GlobalSection(SolutionConfigurationPlatforms) = preSolution
		Debug|Any CPU = Debug|Any CPU
		Debug|Mixed Platforms = Debug|Mixed Platforms
		Debug|x86 = Debug|x86
		MONO26-Debug|Any CPU = MONO26-Debug|Any CPU
		MONO26-Debug|Mixed Platforms = MONO26-Debug|Mixed Platforms
		MONO26-Debug|x86 = MONO26-Debug|x86
		MONO26-Release|Any CPU = MONO26-Release|Any CPU
		MONO26-Release|Mixed Platforms = MONO26-Release|Mixed Platforms
		MONO26-Release|x86 = MONO26-Release|x86
		MONO28-Debug|Any CPU = MONO28-Debug|Any CPU
		MONO28-Debug|Mixed Platforms = MONO28-Debug|Mixed Platforms
		MONO28-Debug|x86 = MONO28-Debug|x86
		MONO28-Release|Any CPU = MONO28-Release|Any CPU
		MONO28-Release|Mixed Platforms = MONO28-Release|Mixed Platforms
		MONO28-Release|x86 = MONO28-Release|x86
		NET35-Debug|Any CPU = NET35-Debug|Any CPU
		NET35-Debug|Mixed Platforms = NET35-Debug|Mixed Platforms
		NET35-Debug|x86 = NET35-Debug|x86
		NET35-Release|Any CPU = NET35-Release|Any CPU
		NET35-Release|Mixed Platforms = NET35-Release|Mixed Platforms
		NET35-Release|x86 = NET35-Release|x86
		NET40-Debug|Any CPU = NET40-Debug|Any CPU
		NET40-Debug|Mixed Platforms = NET40-Debug|Mixed Platforms
		NET40-Debug|x86 = NET40-Debug|x86
		NET40-Release|Any CPU = NET40-Release|Any CPU
		NET40-Release|Mixed Platforms = NET40-Release|Mixed Platforms
		NET40-Release|x86 = NET40-Release|x86
		Release|Any CPU = Release|Any CPU
		Release|Mixed Platforms = Release|Mixed Platforms
		Release|x86 = Release|x86
		SL30-Debug|Any CPU = SL30-Debug|Any CPU
		SL30-Debug|Mixed Platforms = SL30-Debug|Mixed Platforms
		SL30-Debug|x86 = SL30-Debug|x86
		SL30-Release|Any CPU = SL30-Release|Any CPU
		SL30-Release|Mixed Platforms = SL30-Release|Mixed Platforms
		SL30-Release|x86 = SL30-Release|x86
		SL40-Debug|Any CPU = SL40-Debug|Any CPU
		SL40-Debug|Mixed Platforms = SL40-Debug|Mixed Platforms
		SL40-Debug|x86 = SL40-Debug|x86
		SL40-Release|Any CPU = SL40-Release|Any CPU
		SL40-Release|Mixed Platforms = SL40-Release|Mixed Platforms
		SL40-Release|x86 = SL40-Release|x86
	EndGlobalSection
	GlobalSection(ProjectConfigurationPlatforms) = postSolution
		{1EB1F07A-CCF1-49E0-B369-CE038CAB98FC}.Debug|Any CPU.ActiveCfg = Debug|x86
		{1EB1F07A-CCF1-49E0-B369-CE038CAB98FC}.Debug|Mixed Platforms.ActiveCfg = Debug|x86
		{1EB1F07A-CCF1-49E0-B369-CE038CAB98FC}.Debug|Mixed Platforms.Build.0 = Debug|x86
		{1EB1F07A-CCF1-49E0-B369-CE038CAB98FC}.Debug|x86.ActiveCfg = Debug|x86
		{1EB1F07A-CCF1-49E0-B369-CE038CAB98FC}.Debug|x86.Build.0 = Debug|x86
		{1EB1F07A-CCF1-49E0-B369-CE038CAB98FC}.MONO26-Debug|Any CPU.ActiveCfg = Debug|x86
		{1EB1F07A-CCF1-49E0-B369-CE038CAB98FC}.MONO26-Debug|Mixed Platforms.ActiveCfg = Debug|x86
		{1EB1F07A-CCF1-49E0-B369-CE038CAB98FC}.MONO26-Debug|Mixed Platforms.Build.0 = Debug|x86
		{1EB1F07A-CCF1-49E0-B369-CE038CAB98FC}.MONO26-Debug|x86.ActiveCfg = Debug|x86
		{1EB1F07A-CCF1-49E0-B369-CE038CAB98FC}.MONO26-Debug|x86.Build.0 = Debug|x86
		{1EB1F07A-CCF1-49E0-B369-CE038CAB98FC}.MONO26-Release|Any CPU.ActiveCfg = Release|x86
		{1EB1F07A-CCF1-49E0-B369-CE038CAB98FC}.MONO26-Release|Mixed Platforms.ActiveCfg = Release|x86
		{1EB1F07A-CCF1-49E0-B369-CE038CAB98FC}.MONO26-Release|Mixed Platforms.Build.0 = Release|x86
		{1EB1F07A-CCF1-49E0-B369-CE038CAB98FC}.MONO26-Release|x86.ActiveCfg = Release|x86
		{1EB1F07A-CCF1-49E0-B369-CE038CAB98FC}.MONO26-Release|x86.Build.0 = Release|x86
		{1EB1F07A-CCF1-49E0-B369-CE038CAB98FC}.MONO28-Debug|Any CPU.ActiveCfg = Debug|x86
		{1EB1F07A-CCF1-49E0-B369-CE038CAB98FC}.MONO28-Debug|Mixed Platforms.ActiveCfg = Debug|x86
		{1EB1F07A-CCF1-49E0-B369-CE038CAB98FC}.MONO28-Debug|Mixed Platforms.Build.0 = Debug|x86
		{1EB1F07A-CCF1-49E0-B369-CE038CAB98FC}.MONO28-Debug|x86.ActiveCfg = Debug|x86
		{1EB1F07A-CCF1-49E0-B369-CE038CAB98FC}.MONO28-Debug|x86.Build.0 = Debug|x86
		{1EB1F07A-CCF1-49E0-B369-CE038CAB98FC}.MONO28-Release|Any CPU.ActiveCfg = Release|x86
		{1EB1F07A-CCF1-49E0-B369-CE038CAB98FC}.MONO28-Release|Mixed Platforms.ActiveCfg = Release|x86
		{1EB1F07A-CCF1-49E0-B369-CE038CAB98FC}.MONO28-Release|Mixed Platforms.Build.0 = Release|x86
		{1EB1F07A-CCF1-49E0-B369-CE038CAB98FC}.MONO28-Release|x86.ActiveCfg = Release|x86
		{1EB1F07A-CCF1-49E0-B369-CE038CAB98FC}.MONO28-Release|x86.Build.0 = Release|x86
		{1EB1F07A-CCF1-49E0-B369-CE038CAB98FC}.NET35-Debug|Any CPU.ActiveCfg = Debug|x86
		{1EB1F07A-CCF1-49E0-B369-CE038CAB98FC}.NET35-Debug|Mixed Platforms.ActiveCfg = Debug|x86
		{1EB1F07A-CCF1-49E0-B369-CE038CAB98FC}.NET35-Debug|Mixed Platforms.Build.0 = Debug|x86
		{1EB1F07A-CCF1-49E0-B369-CE038CAB98FC}.NET35-Debug|x86.ActiveCfg = Debug|x86
		{1EB1F07A-CCF1-49E0-B369-CE038CAB98FC}.NET35-Debug|x86.Build.0 = Debug|x86
		{1EB1F07A-CCF1-49E0-B369-CE038CAB98FC}.NET35-Release|Any CPU.ActiveCfg = Release|x86
		{1EB1F07A-CCF1-49E0-B369-CE038CAB98FC}.NET35-Release|Mixed Platforms.ActiveCfg = Release|x86
		{1EB1F07A-CCF1-49E0-B369-CE038CAB98FC}.NET35-Release|Mixed Platforms.Build.0 = Release|x86
		{1EB1F07A-CCF1-49E0-B369-CE038CAB98FC}.NET35-Release|x86.ActiveCfg = Release|x86
		{1EB1F07A-CCF1-49E0-B369-CE038CAB98FC}.NET35-Release|x86.Build.0 = Release|x86
		{1EB1F07A-CCF1-49E0-B369-CE038CAB98FC}.NET40-Debug|Any CPU.ActiveCfg = Debug|x86
		{1EB1F07A-CCF1-49E0-B369-CE038CAB98FC}.NET40-Debug|Mixed Platforms.ActiveCfg = Debug|x86
		{1EB1F07A-CCF1-49E0-B369-CE038CAB98FC}.NET40-Debug|Mixed Platforms.Build.0 = Debug|x86
		{1EB1F07A-CCF1-49E0-B369-CE038CAB98FC}.NET40-Debug|x86.ActiveCfg = Debug|x86
		{1EB1F07A-CCF1-49E0-B369-CE038CAB98FC}.NET40-Debug|x86.Build.0 = Debug|x86
		{1EB1F07A-CCF1-49E0-B369-CE038CAB98FC}.NET40-Release|Any CPU.ActiveCfg = Release|x86
		{1EB1F07A-CCF1-49E0-B369-CE038CAB98FC}.NET40-Release|Mixed Platforms.ActiveCfg = Release|x86
		{1EB1F07A-CCF1-49E0-B369-CE038CAB98FC}.NET40-Release|Mixed Platforms.Build.0 = Release|x86
		{1EB1F07A-CCF1-49E0-B369-CE038CAB98FC}.NET40-Release|x86.ActiveCfg = Release|x86
		{1EB1F07A-CCF1-49E0-B369-CE038CAB98FC}.NET40-Release|x86.Build.0 = Release|x86
		{1EB1F07A-CCF1-49E0-B369-CE038CAB98FC}.Release|Any CPU.ActiveCfg = Release|x86
		{1EB1F07A-CCF1-49E0-B369-CE038CAB98FC}.Release|Mixed Platforms.ActiveCfg = Release|x86
		{1EB1F07A-CCF1-49E0-B369-CE038CAB98FC}.Release|Mixed Platforms.Build.0 = Release|x86
		{1EB1F07A-CCF1-49E0-B369-CE038CAB98FC}.Release|x86.ActiveCfg = Release|x86
		{1EB1F07A-CCF1-49E0-B369-CE038CAB98FC}.Release|x86.Build.0 = Release|x86
		{1EB1F07A-CCF1-49E0-B369-CE038CAB98FC}.SL30-Debug|Any CPU.ActiveCfg = Debug|x86
		{1EB1F07A-CCF1-49E0-B369-CE038CAB98FC}.SL30-Debug|Mixed Platforms.ActiveCfg = Debug|x86
		{1EB1F07A-CCF1-49E0-B369-CE038CAB98FC}.SL30-Debug|Mixed Platforms.Build.0 = Debug|x86
		{1EB1F07A-CCF1-49E0-B369-CE038CAB98FC}.SL30-Debug|x86.ActiveCfg = Debug|x86
		{1EB1F07A-CCF1-49E0-B369-CE038CAB98FC}.SL30-Debug|x86.Build.0 = Debug|x86
		{1EB1F07A-CCF1-49E0-B369-CE038CAB98FC}.SL30-Release|Any CPU.ActiveCfg = Release|x86
		{1EB1F07A-CCF1-49E0-B369-CE038CAB98FC}.SL30-Release|Mixed Platforms.ActiveCfg = Release|x86
		{1EB1F07A-CCF1-49E0-B369-CE038CAB98FC}.SL30-Release|Mixed Platforms.Build.0 = Release|x86
		{1EB1F07A-CCF1-49E0-B369-CE038CAB98FC}.SL30-Release|x86.ActiveCfg = Release|x86
		{1EB1F07A-CCF1-49E0-B369-CE038CAB98FC}.SL30-Release|x86.Build.0 = Release|x86
		{1EB1F07A-CCF1-49E0-B369-CE038CAB98FC}.SL40-Debug|Any CPU.ActiveCfg = Debug|x86
		{1EB1F07A-CCF1-49E0-B369-CE038CAB98FC}.SL40-Debug|Mixed Platforms.ActiveCfg = Debug|x86
		{1EB1F07A-CCF1-49E0-B369-CE038CAB98FC}.SL40-Debug|Mixed Platforms.Build.0 = Debug|x86
		{1EB1F07A-CCF1-49E0-B369-CE038CAB98FC}.SL40-Debug|x86.ActiveCfg = Debug|x86
		{1EB1F07A-CCF1-49E0-B369-CE038CAB98FC}.SL40-Debug|x86.Build.0 = Debug|x86
		{1EB1F07A-CCF1-49E0-B369-CE038CAB98FC}.SL40-Release|Any CPU.ActiveCfg = Release|x86
		{1EB1F07A-CCF1-49E0-B369-CE038CAB98FC}.SL40-Release|Mixed Platforms.ActiveCfg = Release|x86
		{1EB1F07A-CCF1-49E0-B369-CE038CAB98FC}.SL40-Release|Mixed Platforms.Build.0 = Release|x86
		{1EB1F07A-CCF1-49E0-B369-CE038CAB98FC}.SL40-Release|x86.ActiveCfg = Release|x86
		{1EB1F07A-CCF1-49E0-B369-CE038CAB98FC}.SL40-Release|x86.Build.0 = Release|x86
		{5D3616D0-160D-4601-AB67-E1ED9111C676}.Debug|Any CPU.ActiveCfg = Debug|Any CPU
		{5D3616D0-160D-4601-AB67-E1ED9111C676}.Debug|Any CPU.Build.0 = Debug|Any CPU
		{5D3616D0-160D-4601-AB67-E1ED9111C676}.Debug|Mixed Platforms.ActiveCfg = Debug|Any CPU
		{5D3616D0-160D-4601-AB67-E1ED9111C676}.Debug|Mixed Platforms.Build.0 = Debug|Any CPU
		{5D3616D0-160D-4601-AB67-E1ED9111C676}.Debug|x86.ActiveCfg = Debug|x86
		{5D3616D0-160D-4601-AB67-E1ED9111C676}.Debug|x86.Build.0 = Debug|x86
		{5D3616D0-160D-4601-AB67-E1ED9111C676}.MONO26-Debug|Any CPU.ActiveCfg = Debug|Any CPU
		{5D3616D0-160D-4601-AB67-E1ED9111C676}.MONO26-Debug|Any CPU.Build.0 = Debug|Any CPU
		{5D3616D0-160D-4601-AB67-E1ED9111C676}.MONO26-Debug|Mixed Platforms.ActiveCfg = Debug|Any CPU
		{5D3616D0-160D-4601-AB67-E1ED9111C676}.MONO26-Debug|Mixed Platforms.Build.0 = Debug|Any CPU
		{5D3616D0-160D-4601-AB67-E1ED9111C676}.MONO26-Debug|x86.ActiveCfg = Debug|x86
		{5D3616D0-160D-4601-AB67-E1ED9111C676}.MONO26-Debug|x86.Build.0 = Debug|x86
		{5D3616D0-160D-4601-AB67-E1ED9111C676}.MONO26-Release|Any CPU.ActiveCfg = Release|Any CPU
		{5D3616D0-160D-4601-AB67-E1ED9111C676}.MONO26-Release|Any CPU.Build.0 = Release|Any CPU
		{5D3616D0-160D-4601-AB67-E1ED9111C676}.MONO26-Release|Mixed Platforms.ActiveCfg = Release|Any CPU
		{5D3616D0-160D-4601-AB67-E1ED9111C676}.MONO26-Release|Mixed Platforms.Build.0 = Release|Any CPU
		{5D3616D0-160D-4601-AB67-E1ED9111C676}.MONO26-Release|x86.ActiveCfg = Release|x86
		{5D3616D0-160D-4601-AB67-E1ED9111C676}.MONO26-Release|x86.Build.0 = Release|x86
		{5D3616D0-160D-4601-AB67-E1ED9111C676}.MONO28-Debug|Any CPU.ActiveCfg = Debug|Any CPU
		{5D3616D0-160D-4601-AB67-E1ED9111C676}.MONO28-Debug|Any CPU.Build.0 = Debug|Any CPU
		{5D3616D0-160D-4601-AB67-E1ED9111C676}.MONO28-Debug|Mixed Platforms.ActiveCfg = Debug|Any CPU
		{5D3616D0-160D-4601-AB67-E1ED9111C676}.MONO28-Debug|Mixed Platforms.Build.0 = Debug|Any CPU
		{5D3616D0-160D-4601-AB67-E1ED9111C676}.MONO28-Debug|x86.ActiveCfg = Debug|x86
		{5D3616D0-160D-4601-AB67-E1ED9111C676}.MONO28-Debug|x86.Build.0 = Debug|x86
		{5D3616D0-160D-4601-AB67-E1ED9111C676}.MONO28-Release|Any CPU.ActiveCfg = Release|Any CPU
		{5D3616D0-160D-4601-AB67-E1ED9111C676}.MONO28-Release|Any CPU.Build.0 = Release|Any CPU
		{5D3616D0-160D-4601-AB67-E1ED9111C676}.MONO28-Release|Mixed Platforms.ActiveCfg = Release|Any CPU
		{5D3616D0-160D-4601-AB67-E1ED9111C676}.MONO28-Release|Mixed Platforms.Build.0 = Release|Any CPU
		{5D3616D0-160D-4601-AB67-E1ED9111C676}.MONO28-Release|x86.ActiveCfg = Release|x86
		{5D3616D0-160D-4601-AB67-E1ED9111C676}.MONO28-Release|x86.Build.0 = Release|x86
		{5D3616D0-160D-4601-AB67-E1ED9111C676}.NET35-Debug|Any CPU.ActiveCfg = Debug|Any CPU
		{5D3616D0-160D-4601-AB67-E1ED9111C676}.NET35-Debug|Any CPU.Build.0 = Debug|Any CPU
		{5D3616D0-160D-4601-AB67-E1ED9111C676}.NET35-Debug|Mixed Platforms.ActiveCfg = Debug|Any CPU
		{5D3616D0-160D-4601-AB67-E1ED9111C676}.NET35-Debug|Mixed Platforms.Build.0 = Debug|Any CPU
		{5D3616D0-160D-4601-AB67-E1ED9111C676}.NET35-Debug|x86.ActiveCfg = Debug|x86
		{5D3616D0-160D-4601-AB67-E1ED9111C676}.NET35-Debug|x86.Build.0 = Debug|x86
		{5D3616D0-160D-4601-AB67-E1ED9111C676}.NET35-Release|Any CPU.ActiveCfg = Release|Any CPU
		{5D3616D0-160D-4601-AB67-E1ED9111C676}.NET35-Release|Any CPU.Build.0 = Release|Any CPU
		{5D3616D0-160D-4601-AB67-E1ED9111C676}.NET35-Release|Mixed Platforms.ActiveCfg = Release|Any CPU
		{5D3616D0-160D-4601-AB67-E1ED9111C676}.NET35-Release|Mixed Platforms.Build.0 = Release|Any CPU
		{5D3616D0-160D-4601-AB67-E1ED9111C676}.NET35-Release|x86.ActiveCfg = Release|x86
		{5D3616D0-160D-4601-AB67-E1ED9111C676}.NET35-Release|x86.Build.0 = Release|x86
		{5D3616D0-160D-4601-AB67-E1ED9111C676}.NET40-Debug|Any CPU.ActiveCfg = Debug|Any CPU
		{5D3616D0-160D-4601-AB67-E1ED9111C676}.NET40-Debug|Any CPU.Build.0 = Debug|Any CPU
		{5D3616D0-160D-4601-AB67-E1ED9111C676}.NET40-Debug|Mixed Platforms.ActiveCfg = Debug|Any CPU
		{5D3616D0-160D-4601-AB67-E1ED9111C676}.NET40-Debug|Mixed Platforms.Build.0 = Debug|Any CPU
		{5D3616D0-160D-4601-AB67-E1ED9111C676}.NET40-Debug|x86.ActiveCfg = Debug|x86
		{5D3616D0-160D-4601-AB67-E1ED9111C676}.NET40-Debug|x86.Build.0 = Debug|x86
		{5D3616D0-160D-4601-AB67-E1ED9111C676}.NET40-Release|Any CPU.ActiveCfg = Release|Any CPU
		{5D3616D0-160D-4601-AB67-E1ED9111C676}.NET40-Release|Any CPU.Build.0 = Release|Any CPU
		{5D3616D0-160D-4601-AB67-E1ED9111C676}.NET40-Release|Mixed Platforms.ActiveCfg = Release|Any CPU
		{5D3616D0-160D-4601-AB67-E1ED9111C676}.NET40-Release|Mixed Platforms.Build.0 = Release|Any CPU
		{5D3616D0-160D-4601-AB67-E1ED9111C676}.NET40-Release|x86.ActiveCfg = Release|x86
		{5D3616D0-160D-4601-AB67-E1ED9111C676}.NET40-Release|x86.Build.0 = Release|x86
		{5D3616D0-160D-4601-AB67-E1ED9111C676}.Release|Any CPU.ActiveCfg = Release|Any CPU
		{5D3616D0-160D-4601-AB67-E1ED9111C676}.Release|Any CPU.Build.0 = Release|Any CPU
		{5D3616D0-160D-4601-AB67-E1ED9111C676}.Release|Mixed Platforms.ActiveCfg = Release|Any CPU
		{5D3616D0-160D-4601-AB67-E1ED9111C676}.Release|Mixed Platforms.Build.0 = Release|Any CPU
		{5D3616D0-160D-4601-AB67-E1ED9111C676}.Release|x86.ActiveCfg = Release|x86
		{5D3616D0-160D-4601-AB67-E1ED9111C676}.Release|x86.Build.0 = Release|x86
		{5D3616D0-160D-4601-AB67-E1ED9111C676}.SL30-Debug|Any CPU.ActiveCfg = Debug|Any CPU
		{5D3616D0-160D-4601-AB67-E1ED9111C676}.SL30-Debug|Any CPU.Build.0 = Debug|Any CPU
		{5D3616D0-160D-4601-AB67-E1ED9111C676}.SL30-Debug|Mixed Platforms.ActiveCfg = Debug|Any CPU
		{5D3616D0-160D-4601-AB67-E1ED9111C676}.SL30-Debug|Mixed Platforms.Build.0 = Debug|Any CPU
		{5D3616D0-160D-4601-AB67-E1ED9111C676}.SL30-Debug|x86.ActiveCfg = Debug|x86
		{5D3616D0-160D-4601-AB67-E1ED9111C676}.SL30-Debug|x86.Build.0 = Debug|x86
		{5D3616D0-160D-4601-AB67-E1ED9111C676}.SL30-Release|Any CPU.ActiveCfg = Release|Any CPU
		{5D3616D0-160D-4601-AB67-E1ED9111C676}.SL30-Release|Any CPU.Build.0 = Release|Any CPU
		{5D3616D0-160D-4601-AB67-E1ED9111C676}.SL30-Release|Mixed Platforms.ActiveCfg = Release|Any CPU
		{5D3616D0-160D-4601-AB67-E1ED9111C676}.SL30-Release|Mixed Platforms.Build.0 = Release|Any CPU
		{5D3616D0-160D-4601-AB67-E1ED9111C676}.SL30-Release|x86.ActiveCfg = Release|x86
		{5D3616D0-160D-4601-AB67-E1ED9111C676}.SL30-Release|x86.Build.0 = Release|x86
		{5D3616D0-160D-4601-AB67-E1ED9111C676}.SL40-Debug|Any CPU.ActiveCfg = Debug|Any CPU
		{5D3616D0-160D-4601-AB67-E1ED9111C676}.SL40-Debug|Any CPU.Build.0 = Debug|Any CPU
		{5D3616D0-160D-4601-AB67-E1ED9111C676}.SL40-Debug|Mixed Platforms.ActiveCfg = Debug|Any CPU
		{5D3616D0-160D-4601-AB67-E1ED9111C676}.SL40-Debug|Mixed Platforms.Build.0 = Debug|Any CPU
		{5D3616D0-160D-4601-AB67-E1ED9111C676}.SL40-Debug|x86.ActiveCfg = Debug|x86
		{5D3616D0-160D-4601-AB67-E1ED9111C676}.SL40-Debug|x86.Build.0 = Debug|x86
		{5D3616D0-160D-4601-AB67-E1ED9111C676}.SL40-Release|Any CPU.ActiveCfg = Release|Any CPU
		{5D3616D0-160D-4601-AB67-E1ED9111C676}.SL40-Release|Any CPU.Build.0 = Release|Any CPU
		{5D3616D0-160D-4601-AB67-E1ED9111C676}.SL40-Release|Mixed Platforms.ActiveCfg = Release|Any CPU
		{5D3616D0-160D-4601-AB67-E1ED9111C676}.SL40-Release|Mixed Platforms.Build.0 = Release|Any CPU
		{5D3616D0-160D-4601-AB67-E1ED9111C676}.SL40-Release|x86.ActiveCfg = Release|x86
		{5D3616D0-160D-4601-AB67-E1ED9111C676}.SL40-Release|x86.Build.0 = Release|x86
		{55D5297C-F1DF-4B76-A3C1-D82CC294EEBB}.Debug|Any CPU.ActiveCfg = Debug|Any CPU
		{55D5297C-F1DF-4B76-A3C1-D82CC294EEBB}.Debug|Any CPU.Build.0 = Debug|Any CPU
		{55D5297C-F1DF-4B76-A3C1-D82CC294EEBB}.Debug|Mixed Platforms.ActiveCfg = Debug|x86
		{55D5297C-F1DF-4B76-A3C1-D82CC294EEBB}.Debug|Mixed Platforms.Build.0 = Debug|x86
		{55D5297C-F1DF-4B76-A3C1-D82CC294EEBB}.Debug|x86.ActiveCfg = Debug|x86
		{55D5297C-F1DF-4B76-A3C1-D82CC294EEBB}.Debug|x86.Build.0 = Debug|x86
		{55D5297C-F1DF-4B76-A3C1-D82CC294EEBB}.MONO26-Debug|Any CPU.ActiveCfg = Debug|Any CPU
		{55D5297C-F1DF-4B76-A3C1-D82CC294EEBB}.MONO26-Debug|Any CPU.Build.0 = Debug|Any CPU
		{55D5297C-F1DF-4B76-A3C1-D82CC294EEBB}.MONO26-Debug|Mixed Platforms.ActiveCfg = Debug|x86
		{55D5297C-F1DF-4B76-A3C1-D82CC294EEBB}.MONO26-Debug|Mixed Platforms.Build.0 = Debug|x86
		{55D5297C-F1DF-4B76-A3C1-D82CC294EEBB}.MONO26-Debug|x86.ActiveCfg = Debug|x86
		{55D5297C-F1DF-4B76-A3C1-D82CC294EEBB}.MONO26-Debug|x86.Build.0 = Debug|x86
		{55D5297C-F1DF-4B76-A3C1-D82CC294EEBB}.MONO26-Release|Any CPU.ActiveCfg = Release|Any CPU
		{55D5297C-F1DF-4B76-A3C1-D82CC294EEBB}.MONO26-Release|Any CPU.Build.0 = Release|Any CPU
		{55D5297C-F1DF-4B76-A3C1-D82CC294EEBB}.MONO26-Release|Mixed Platforms.ActiveCfg = Release|x86
		{55D5297C-F1DF-4B76-A3C1-D82CC294EEBB}.MONO26-Release|Mixed Platforms.Build.0 = Release|x86
		{55D5297C-F1DF-4B76-A3C1-D82CC294EEBB}.MONO26-Release|x86.ActiveCfg = Release|x86
		{55D5297C-F1DF-4B76-A3C1-D82CC294EEBB}.MONO26-Release|x86.Build.0 = Release|x86
		{55D5297C-F1DF-4B76-A3C1-D82CC294EEBB}.MONO28-Debug|Any CPU.ActiveCfg = Debug|Any CPU
		{55D5297C-F1DF-4B76-A3C1-D82CC294EEBB}.MONO28-Debug|Any CPU.Build.0 = Debug|Any CPU
		{55D5297C-F1DF-4B76-A3C1-D82CC294EEBB}.MONO28-Debug|Mixed Platforms.ActiveCfg = Debug|x86
		{55D5297C-F1DF-4B76-A3C1-D82CC294EEBB}.MONO28-Debug|Mixed Platforms.Build.0 = Debug|x86
		{55D5297C-F1DF-4B76-A3C1-D82CC294EEBB}.MONO28-Debug|x86.ActiveCfg = Debug|x86
		{55D5297C-F1DF-4B76-A3C1-D82CC294EEBB}.MONO28-Debug|x86.Build.0 = Debug|x86
		{55D5297C-F1DF-4B76-A3C1-D82CC294EEBB}.MONO28-Release|Any CPU.ActiveCfg = Release|Any CPU
		{55D5297C-F1DF-4B76-A3C1-D82CC294EEBB}.MONO28-Release|Any CPU.Build.0 = Release|Any CPU
		{55D5297C-F1DF-4B76-A3C1-D82CC294EEBB}.MONO28-Release|Mixed Platforms.ActiveCfg = Release|x86
		{55D5297C-F1DF-4B76-A3C1-D82CC294EEBB}.MONO28-Release|Mixed Platforms.Build.0 = Release|x86
		{55D5297C-F1DF-4B76-A3C1-D82CC294EEBB}.MONO28-Release|x86.ActiveCfg = Release|x86
		{55D5297C-F1DF-4B76-A3C1-D82CC294EEBB}.MONO28-Release|x86.Build.0 = Release|x86
		{55D5297C-F1DF-4B76-A3C1-D82CC294EEBB}.NET35-Debug|Any CPU.ActiveCfg = Debug|Any CPU
		{55D5297C-F1DF-4B76-A3C1-D82CC294EEBB}.NET35-Debug|Any CPU.Build.0 = Debug|Any CPU
		{55D5297C-F1DF-4B76-A3C1-D82CC294EEBB}.NET35-Debug|Mixed Platforms.ActiveCfg = Debug|x86
		{55D5297C-F1DF-4B76-A3C1-D82CC294EEBB}.NET35-Debug|Mixed Platforms.Build.0 = Debug|x86
		{55D5297C-F1DF-4B76-A3C1-D82CC294EEBB}.NET35-Debug|x86.ActiveCfg = Debug|x86
		{55D5297C-F1DF-4B76-A3C1-D82CC294EEBB}.NET35-Debug|x86.Build.0 = Debug|x86
		{55D5297C-F1DF-4B76-A3C1-D82CC294EEBB}.NET35-Release|Any CPU.ActiveCfg = Release|Any CPU
		{55D5297C-F1DF-4B76-A3C1-D82CC294EEBB}.NET35-Release|Any CPU.Build.0 = Release|Any CPU
		{55D5297C-F1DF-4B76-A3C1-D82CC294EEBB}.NET35-Release|Mixed Platforms.ActiveCfg = Release|x86
		{55D5297C-F1DF-4B76-A3C1-D82CC294EEBB}.NET35-Release|Mixed Platforms.Build.0 = Release|x86
		{55D5297C-F1DF-4B76-A3C1-D82CC294EEBB}.NET35-Release|x86.ActiveCfg = Release|x86
		{55D5297C-F1DF-4B76-A3C1-D82CC294EEBB}.NET35-Release|x86.Build.0 = Release|x86
		{55D5297C-F1DF-4B76-A3C1-D82CC294EEBB}.NET40-Debug|Any CPU.ActiveCfg = Debug|Any CPU
		{55D5297C-F1DF-4B76-A3C1-D82CC294EEBB}.NET40-Debug|Any CPU.Build.0 = Debug|Any CPU
		{55D5297C-F1DF-4B76-A3C1-D82CC294EEBB}.NET40-Debug|Mixed Platforms.ActiveCfg = Debug|x86
		{55D5297C-F1DF-4B76-A3C1-D82CC294EEBB}.NET40-Debug|Mixed Platforms.Build.0 = Debug|x86
		{55D5297C-F1DF-4B76-A3C1-D82CC294EEBB}.NET40-Debug|x86.ActiveCfg = Debug|x86
		{55D5297C-F1DF-4B76-A3C1-D82CC294EEBB}.NET40-Debug|x86.Build.0 = Debug|x86
		{55D5297C-F1DF-4B76-A3C1-D82CC294EEBB}.NET40-Release|Any CPU.ActiveCfg = Release|Any CPU
		{55D5297C-F1DF-4B76-A3C1-D82CC294EEBB}.NET40-Release|Any CPU.Build.0 = Release|Any CPU
		{55D5297C-F1DF-4B76-A3C1-D82CC294EEBB}.NET40-Release|Mixed Platforms.ActiveCfg = Release|x86
		{55D5297C-F1DF-4B76-A3C1-D82CC294EEBB}.NET40-Release|Mixed Platforms.Build.0 = Release|x86
		{55D5297C-F1DF-4B76-A3C1-D82CC294EEBB}.NET40-Release|x86.ActiveCfg = Release|x86
		{55D5297C-F1DF-4B76-A3C1-D82CC294EEBB}.NET40-Release|x86.Build.0 = Release|x86
		{55D5297C-F1DF-4B76-A3C1-D82CC294EEBB}.Release|Any CPU.ActiveCfg = Release|Any CPU
		{55D5297C-F1DF-4B76-A3C1-D82CC294EEBB}.Release|Any CPU.Build.0 = Release|Any CPU
		{55D5297C-F1DF-4B76-A3C1-D82CC294EEBB}.Release|Mixed Platforms.ActiveCfg = Release|x86
		{55D5297C-F1DF-4B76-A3C1-D82CC294EEBB}.Release|Mixed Platforms.Build.0 = Release|x86
		{55D5297C-F1DF-4B76-A3C1-D82CC294EEBB}.Release|x86.ActiveCfg = Release|x86
		{55D5297C-F1DF-4B76-A3C1-D82CC294EEBB}.Release|x86.Build.0 = Release|x86
		{55D5297C-F1DF-4B76-A3C1-D82CC294EEBB}.SL30-Debug|Any CPU.ActiveCfg = Debug|Any CPU
		{55D5297C-F1DF-4B76-A3C1-D82CC294EEBB}.SL30-Debug|Any CPU.Build.0 = Debug|Any CPU
		{55D5297C-F1DF-4B76-A3C1-D82CC294EEBB}.SL30-Debug|Mixed Platforms.ActiveCfg = Debug|x86
		{55D5297C-F1DF-4B76-A3C1-D82CC294EEBB}.SL30-Debug|Mixed Platforms.Build.0 = Debug|x86
		{55D5297C-F1DF-4B76-A3C1-D82CC294EEBB}.SL30-Debug|x86.ActiveCfg = Debug|x86
		{55D5297C-F1DF-4B76-A3C1-D82CC294EEBB}.SL30-Debug|x86.Build.0 = Debug|x86
		{55D5297C-F1DF-4B76-A3C1-D82CC294EEBB}.SL30-Release|Any CPU.ActiveCfg = Release|Any CPU
		{55D5297C-F1DF-4B76-A3C1-D82CC294EEBB}.SL30-Release|Any CPU.Build.0 = Release|Any CPU
		{55D5297C-F1DF-4B76-A3C1-D82CC294EEBB}.SL30-Release|Mixed Platforms.ActiveCfg = Release|x86
		{55D5297C-F1DF-4B76-A3C1-D82CC294EEBB}.SL30-Release|Mixed Platforms.Build.0 = Release|x86
		{55D5297C-F1DF-4B76-A3C1-D82CC294EEBB}.SL30-Release|x86.ActiveCfg = Release|x86
		{55D5297C-F1DF-4B76-A3C1-D82CC294EEBB}.SL30-Release|x86.Build.0 = Release|x86
		{55D5297C-F1DF-4B76-A3C1-D82CC294EEBB}.SL40-Debug|Any CPU.ActiveCfg = Debug|Any CPU
		{55D5297C-F1DF-4B76-A3C1-D82CC294EEBB}.SL40-Debug|Any CPU.Build.0 = Debug|Any CPU
		{55D5297C-F1DF-4B76-A3C1-D82CC294EEBB}.SL40-Debug|Mixed Platforms.ActiveCfg = Debug|x86
		{55D5297C-F1DF-4B76-A3C1-D82CC294EEBB}.SL40-Debug|Mixed Platforms.Build.0 = Debug|x86
		{55D5297C-F1DF-4B76-A3C1-D82CC294EEBB}.SL40-Debug|x86.ActiveCfg = Debug|x86
		{55D5297C-F1DF-4B76-A3C1-D82CC294EEBB}.SL40-Debug|x86.Build.0 = Debug|x86
		{55D5297C-F1DF-4B76-A3C1-D82CC294EEBB}.SL40-Release|Any CPU.ActiveCfg = Release|Any CPU
		{55D5297C-F1DF-4B76-A3C1-D82CC294EEBB}.SL40-Release|Any CPU.Build.0 = Release|Any CPU
		{55D5297C-F1DF-4B76-A3C1-D82CC294EEBB}.SL40-Release|Mixed Platforms.ActiveCfg = Release|x86
		{55D5297C-F1DF-4B76-A3C1-D82CC294EEBB}.SL40-Release|Mixed Platforms.Build.0 = Release|x86
		{55D5297C-F1DF-4B76-A3C1-D82CC294EEBB}.SL40-Release|x86.ActiveCfg = Release|x86
		{55D5297C-F1DF-4B76-A3C1-D82CC294EEBB}.SL40-Release|x86.Build.0 = Release|x86
		{7E101C97-B58B-4F55-B105-2BBB445C5B95}.Debug|Any CPU.ActiveCfg = Debug
		{7E101C97-B58B-4F55-B105-2BBB445C5B95}.Debug|Mixed Platforms.ActiveCfg = Debug
		{7E101C97-B58B-4F55-B105-2BBB445C5B95}.Debug|x86.ActiveCfg = Debug
		{7E101C97-B58B-4F55-B105-2BBB445C5B95}.MONO26-Debug|Any CPU.ActiveCfg = Debug
		{7E101C97-B58B-4F55-B105-2BBB445C5B95}.MONO26-Debug|Mixed Platforms.ActiveCfg = Debug
		{7E101C97-B58B-4F55-B105-2BBB445C5B95}.MONO26-Debug|x86.ActiveCfg = Debug
		{7E101C97-B58B-4F55-B105-2BBB445C5B95}.MONO26-Release|Any CPU.ActiveCfg = Release
		{7E101C97-B58B-4F55-B105-2BBB445C5B95}.MONO26-Release|Mixed Platforms.ActiveCfg = Release
		{7E101C97-B58B-4F55-B105-2BBB445C5B95}.MONO26-Release|x86.ActiveCfg = Release
		{7E101C97-B58B-4F55-B105-2BBB445C5B95}.MONO28-Debug|Any CPU.ActiveCfg = Debug
		{7E101C97-B58B-4F55-B105-2BBB445C5B95}.MONO28-Debug|Mixed Platforms.ActiveCfg = Debug
		{7E101C97-B58B-4F55-B105-2BBB445C5B95}.MONO28-Debug|x86.ActiveCfg = Debug
		{7E101C97-B58B-4F55-B105-2BBB445C5B95}.MONO28-Release|Any CPU.ActiveCfg = Release
		{7E101C97-B58B-4F55-B105-2BBB445C5B95}.MONO28-Release|Mixed Platforms.ActiveCfg = Release
		{7E101C97-B58B-4F55-B105-2BBB445C5B95}.MONO28-Release|x86.ActiveCfg = Release
		{7E101C97-B58B-4F55-B105-2BBB445C5B95}.NET35-Debug|Any CPU.ActiveCfg = Debug
		{7E101C97-B58B-4F55-B105-2BBB445C5B95}.NET35-Debug|Mixed Platforms.ActiveCfg = Debug
		{7E101C97-B58B-4F55-B105-2BBB445C5B95}.NET35-Debug|x86.ActiveCfg = Debug
		{7E101C97-B58B-4F55-B105-2BBB445C5B95}.NET35-Release|Any CPU.ActiveCfg = Release
		{7E101C97-B58B-4F55-B105-2BBB445C5B95}.NET35-Release|Mixed Platforms.ActiveCfg = Release
		{7E101C97-B58B-4F55-B105-2BBB445C5B95}.NET35-Release|x86.ActiveCfg = Release
		{7E101C97-B58B-4F55-B105-2BBB445C5B95}.NET40-Debug|Any CPU.ActiveCfg = Debug
		{7E101C97-B58B-4F55-B105-2BBB445C5B95}.NET40-Debug|Mixed Platforms.ActiveCfg = Debug
		{7E101C97-B58B-4F55-B105-2BBB445C5B95}.NET40-Debug|x86.ActiveCfg = Debug
		{7E101C97-B58B-4F55-B105-2BBB445C5B95}.NET40-Release|Any CPU.ActiveCfg = Release
		{7E101C97-B58B-4F55-B105-2BBB445C5B95}.NET40-Release|Mixed Platforms.ActiveCfg = Release
		{7E101C97-B58B-4F55-B105-2BBB445C5B95}.NET40-Release|x86.ActiveCfg = Release
		{7E101C97-B58B-4F55-B105-2BBB445C5B95}.Release|Any CPU.ActiveCfg = Release
		{7E101C97-B58B-4F55-B105-2BBB445C5B95}.Release|Mixed Platforms.ActiveCfg = Release
		{7E101C97-B58B-4F55-B105-2BBB445C5B95}.Release|x86.ActiveCfg = Release
		{7E101C97-B58B-4F55-B105-2BBB445C5B95}.SL30-Debug|Any CPU.ActiveCfg = Debug
		{7E101C97-B58B-4F55-B105-2BBB445C5B95}.SL30-Debug|Mixed Platforms.ActiveCfg = Debug
		{7E101C97-B58B-4F55-B105-2BBB445C5B95}.SL30-Debug|x86.ActiveCfg = Debug
		{7E101C97-B58B-4F55-B105-2BBB445C5B95}.SL30-Release|Any CPU.ActiveCfg = Release
		{7E101C97-B58B-4F55-B105-2BBB445C5B95}.SL30-Release|Mixed Platforms.ActiveCfg = Release
		{7E101C97-B58B-4F55-B105-2BBB445C5B95}.SL30-Release|x86.ActiveCfg = Release
		{7E101C97-B58B-4F55-B105-2BBB445C5B95}.SL40-Debug|Any CPU.ActiveCfg = Debug
		{7E101C97-B58B-4F55-B105-2BBB445C5B95}.SL40-Debug|Mixed Platforms.ActiveCfg = Debug
		{7E101C97-B58B-4F55-B105-2BBB445C5B95}.SL40-Debug|x86.ActiveCfg = Debug
		{7E101C97-B58B-4F55-B105-2BBB445C5B95}.SL40-Release|Any CPU.ActiveCfg = Release
		{7E101C97-B58B-4F55-B105-2BBB445C5B95}.SL40-Release|Mixed Platforms.ActiveCfg = Release
		{7E101C97-B58B-4F55-B105-2BBB445C5B95}.SL40-Release|x86.ActiveCfg = Release
		{CA7E4D71-3858-48F2-AF68-7E6DA88F79C9}.Debug|Any CPU.ActiveCfg = Debug|Any CPU
		{CA7E4D71-3858-48F2-AF68-7E6DA88F79C9}.Debug|Any CPU.Build.0 = Debug|Any CPU
		{CA7E4D71-3858-48F2-AF68-7E6DA88F79C9}.Debug|Mixed Platforms.ActiveCfg = Debug|Any CPU
		{CA7E4D71-3858-48F2-AF68-7E6DA88F79C9}.Debug|Mixed Platforms.Build.0 = Debug|Any CPU
		{CA7E4D71-3858-48F2-AF68-7E6DA88F79C9}.Debug|x86.ActiveCfg = Debug|Any CPU
		{CA7E4D71-3858-48F2-AF68-7E6DA88F79C9}.MONO26-Debug|Any CPU.ActiveCfg = Debug|Any CPU
		{CA7E4D71-3858-48F2-AF68-7E6DA88F79C9}.MONO26-Debug|Any CPU.Build.0 = Debug|Any CPU
		{CA7E4D71-3858-48F2-AF68-7E6DA88F79C9}.MONO26-Debug|Mixed Platforms.ActiveCfg = Debug|Any CPU
		{CA7E4D71-3858-48F2-AF68-7E6DA88F79C9}.MONO26-Debug|Mixed Platforms.Build.0 = Debug|Any CPU
		{CA7E4D71-3858-48F2-AF68-7E6DA88F79C9}.MONO26-Debug|x86.ActiveCfg = Debug|Any CPU
		{CA7E4D71-3858-48F2-AF68-7E6DA88F79C9}.MONO26-Release|Any CPU.ActiveCfg = Release|Any CPU
		{CA7E4D71-3858-48F2-AF68-7E6DA88F79C9}.MONO26-Release|Any CPU.Build.0 = Release|Any CPU
		{CA7E4D71-3858-48F2-AF68-7E6DA88F79C9}.MONO26-Release|Mixed Platforms.ActiveCfg = Release|Any CPU
		{CA7E4D71-3858-48F2-AF68-7E6DA88F79C9}.MONO26-Release|Mixed Platforms.Build.0 = Release|Any CPU
		{CA7E4D71-3858-48F2-AF68-7E6DA88F79C9}.MONO26-Release|x86.ActiveCfg = Release|Any CPU
		{CA7E4D71-3858-48F2-AF68-7E6DA88F79C9}.MONO28-Debug|Any CPU.ActiveCfg = Debug|Any CPU
		{CA7E4D71-3858-48F2-AF68-7E6DA88F79C9}.MONO28-Debug|Any CPU.Build.0 = Debug|Any CPU
		{CA7E4D71-3858-48F2-AF68-7E6DA88F79C9}.MONO28-Debug|Mixed Platforms.ActiveCfg = Debug|Any CPU
		{CA7E4D71-3858-48F2-AF68-7E6DA88F79C9}.MONO28-Debug|Mixed Platforms.Build.0 = Debug|Any CPU
		{CA7E4D71-3858-48F2-AF68-7E6DA88F79C9}.MONO28-Debug|x86.ActiveCfg = Debug|Any CPU
		{CA7E4D71-3858-48F2-AF68-7E6DA88F79C9}.MONO28-Release|Any CPU.ActiveCfg = Release|Any CPU
		{CA7E4D71-3858-48F2-AF68-7E6DA88F79C9}.MONO28-Release|Any CPU.Build.0 = Release|Any CPU
		{CA7E4D71-3858-48F2-AF68-7E6DA88F79C9}.MONO28-Release|Mixed Platforms.ActiveCfg = Release|Any CPU
		{CA7E4D71-3858-48F2-AF68-7E6DA88F79C9}.MONO28-Release|Mixed Platforms.Build.0 = Release|Any CPU
		{CA7E4D71-3858-48F2-AF68-7E6DA88F79C9}.MONO28-Release|x86.ActiveCfg = Release|Any CPU
		{CA7E4D71-3858-48F2-AF68-7E6DA88F79C9}.NET35-Debug|Any CPU.ActiveCfg = Debug|Any CPU
		{CA7E4D71-3858-48F2-AF68-7E6DA88F79C9}.NET35-Debug|Any CPU.Build.0 = Debug|Any CPU
		{CA7E4D71-3858-48F2-AF68-7E6DA88F79C9}.NET35-Debug|Mixed Platforms.ActiveCfg = Debug|Any CPU
		{CA7E4D71-3858-48F2-AF68-7E6DA88F79C9}.NET35-Debug|Mixed Platforms.Build.0 = Debug|Any CPU
		{CA7E4D71-3858-48F2-AF68-7E6DA88F79C9}.NET35-Debug|x86.ActiveCfg = Debug|Any CPU
		{CA7E4D71-3858-48F2-AF68-7E6DA88F79C9}.NET35-Release|Any CPU.ActiveCfg = Release|Any CPU
		{CA7E4D71-3858-48F2-AF68-7E6DA88F79C9}.NET35-Release|Any CPU.Build.0 = Release|Any CPU
		{CA7E4D71-3858-48F2-AF68-7E6DA88F79C9}.NET35-Release|Mixed Platforms.ActiveCfg = Release|Any CPU
		{CA7E4D71-3858-48F2-AF68-7E6DA88F79C9}.NET35-Release|Mixed Platforms.Build.0 = Release|Any CPU
		{CA7E4D71-3858-48F2-AF68-7E6DA88F79C9}.NET35-Release|x86.ActiveCfg = Release|Any CPU
		{CA7E4D71-3858-48F2-AF68-7E6DA88F79C9}.NET40-Debug|Any CPU.ActiveCfg = Debug|Any CPU
		{CA7E4D71-3858-48F2-AF68-7E6DA88F79C9}.NET40-Debug|Any CPU.Build.0 = Debug|Any CPU
		{CA7E4D71-3858-48F2-AF68-7E6DA88F79C9}.NET40-Debug|Mixed Platforms.ActiveCfg = Debug|Any CPU
		{CA7E4D71-3858-48F2-AF68-7E6DA88F79C9}.NET40-Debug|Mixed Platforms.Build.0 = Debug|Any CPU
		{CA7E4D71-3858-48F2-AF68-7E6DA88F79C9}.NET40-Debug|x86.ActiveCfg = Debug|Any CPU
		{CA7E4D71-3858-48F2-AF68-7E6DA88F79C9}.NET40-Release|Any CPU.ActiveCfg = Release|Any CPU
		{CA7E4D71-3858-48F2-AF68-7E6DA88F79C9}.NET40-Release|Any CPU.Build.0 = Release|Any CPU
		{CA7E4D71-3858-48F2-AF68-7E6DA88F79C9}.NET40-Release|Mixed Platforms.ActiveCfg = Release|Any CPU
		{CA7E4D71-3858-48F2-AF68-7E6DA88F79C9}.NET40-Release|Mixed Platforms.Build.0 = Release|Any CPU
		{CA7E4D71-3858-48F2-AF68-7E6DA88F79C9}.NET40-Release|x86.ActiveCfg = Release|Any CPU
		{CA7E4D71-3858-48F2-AF68-7E6DA88F79C9}.Release|Any CPU.ActiveCfg = Release|Any CPU
		{CA7E4D71-3858-48F2-AF68-7E6DA88F79C9}.Release|Any CPU.Build.0 = Release|Any CPU
		{CA7E4D71-3858-48F2-AF68-7E6DA88F79C9}.Release|Mixed Platforms.ActiveCfg = Release|Any CPU
		{CA7E4D71-3858-48F2-AF68-7E6DA88F79C9}.Release|Mixed Platforms.Build.0 = Release|Any CPU
		{CA7E4D71-3858-48F2-AF68-7E6DA88F79C9}.Release|x86.ActiveCfg = Release|Any CPU
		{CA7E4D71-3858-48F2-AF68-7E6DA88F79C9}.SL30-Debug|Any CPU.ActiveCfg = Debug|Any CPU
		{CA7E4D71-3858-48F2-AF68-7E6DA88F79C9}.SL30-Debug|Any CPU.Build.0 = Debug|Any CPU
		{CA7E4D71-3858-48F2-AF68-7E6DA88F79C9}.SL30-Debug|Mixed Platforms.ActiveCfg = Debug|Any CPU
		{CA7E4D71-3858-48F2-AF68-7E6DA88F79C9}.SL30-Debug|Mixed Platforms.Build.0 = Debug|Any CPU
		{CA7E4D71-3858-48F2-AF68-7E6DA88F79C9}.SL30-Debug|x86.ActiveCfg = Debug|Any CPU
		{CA7E4D71-3858-48F2-AF68-7E6DA88F79C9}.SL30-Release|Any CPU.ActiveCfg = Release|Any CPU
		{CA7E4D71-3858-48F2-AF68-7E6DA88F79C9}.SL30-Release|Any CPU.Build.0 = Release|Any CPU
		{CA7E4D71-3858-48F2-AF68-7E6DA88F79C9}.SL30-Release|Mixed Platforms.ActiveCfg = Release|Any CPU
		{CA7E4D71-3858-48F2-AF68-7E6DA88F79C9}.SL30-Release|Mixed Platforms.Build.0 = Release|Any CPU
		{CA7E4D71-3858-48F2-AF68-7E6DA88F79C9}.SL30-Release|x86.ActiveCfg = Release|Any CPU
		{CA7E4D71-3858-48F2-AF68-7E6DA88F79C9}.SL40-Debug|Any CPU.ActiveCfg = Debug|Any CPU
		{CA7E4D71-3858-48F2-AF68-7E6DA88F79C9}.SL40-Debug|Any CPU.Build.0 = Debug|Any CPU
		{CA7E4D71-3858-48F2-AF68-7E6DA88F79C9}.SL40-Debug|Mixed Platforms.ActiveCfg = Debug|Any CPU
		{CA7E4D71-3858-48F2-AF68-7E6DA88F79C9}.SL40-Debug|Mixed Platforms.Build.0 = Debug|Any CPU
		{CA7E4D71-3858-48F2-AF68-7E6DA88F79C9}.SL40-Debug|x86.ActiveCfg = Debug|Any CPU
		{CA7E4D71-3858-48F2-AF68-7E6DA88F79C9}.SL40-Release|Any CPU.ActiveCfg = Release|Any CPU
		{CA7E4D71-3858-48F2-AF68-7E6DA88F79C9}.SL40-Release|Any CPU.Build.0 = Release|Any CPU
		{CA7E4D71-3858-48F2-AF68-7E6DA88F79C9}.SL40-Release|Mixed Platforms.ActiveCfg = Release|Any CPU
		{CA7E4D71-3858-48F2-AF68-7E6DA88F79C9}.SL40-Release|Mixed Platforms.Build.0 = Release|Any CPU
		{CA7E4D71-3858-48F2-AF68-7E6DA88F79C9}.SL40-Release|x86.ActiveCfg = Release|Any CPU
	EndGlobalSection
	GlobalSection(SolutionProperties) = preSolution
		HideSolutionNode = FALSE
	EndGlobalSection
EndGlobal
